{
  "version": 4,
  "terraform_version": "1.4.5",
  "serial": 16,
  "lineage": "ec937fb5-354a-9931-412a-6febd6fe0461",
  "outputs": {
    "key_data": {
      "value": "{}",
      "type": "string",
      "sensitive": true
    },
    "log_analytics_workspace_name": {
      "value": "ws-positive-jawfish",
      "type": "string"
    },
    "resource_group_name": {
      "value": "pfa-bold-shepherd",
      "type": "string"
    },
    "sp": {
      "value": "584e25b4-c296-4675-a208-ddeef4aae124",
      "type": "string",
      "sensitive": true
    },
    "sp_password": {
      "value": "wUj8Q~UFpBbkbnrUyLj0n5IsJrkrWMOhDASwmdns",
      "type": "string",
      "sensitive": true
    }
  },
  "resources": [
    {
      "mode": "data",
      "type": "azurerm_client_config",
      "name": "current",
      "provider": "provider[\"registry.terraform.io/hashicorp/azurerm\"]",
      "instances": [
        {
          "schema_version": 0,
          "attributes": {
            "client_id": "04b07795-8ddb-461a-bbee-02f9e1bf7b46",
            "id": "Y2xpZW50Q29uZmlncy9jbGllbnRJZD0wNGIwNzc5NS04ZGRiLTQ2MWEtYmJlZS0wMmY5ZTFiZjdiNDY7b2JqZWN0SWQ9YzIzYWY0YjEtZWMxNC00MzZlLWEyMDctYThhN2MyZTI1MzMwO3N1YnNjcmlwdGlvbklkPWE1ODU0OTRlLTljZGQtNDEwZC1iMWZjLWJlNTA4Y2E5MmQ0Mjt0ZW5hbnRJZD1kYWFlOWU2ZC1iNGJiLTQ5MjktOWYzZC1lZTE2MzA2NTUwZmM=",
            "object_id": "c23af4b1-ec14-436e-a207-a8a7c2e25330",
            "subscription_id": "a585494e-9cdd-410d-b1fc-be508ca92d42",
            "tenant_id": "daae9e6d-b4bb-4929-9f3d-ee16306550fc",
            "timeouts": null
          },
          "sensitive_attributes": []
        }
      ]
    },
    {
      "mode": "managed",
      "type": "azapi_resource",
      "name": "ssh_public_key",
      "provider": "provider[\"registry.terraform.io/azure/azapi\"]",
      "instances": [
        {
          "schema_version": 0,
          "attributes": {
            "body": "{}",
            "id": "/subscriptions/a585494e-9cdd-410d-b1fc-be508ca92d42/resourceGroups/pfa-bold-shepherd/providers/Microsoft.Compute/sshPublicKeys/sshharmlesssnipe",
            "identity": [],
            "ignore_casing": false,
            "ignore_missing_property": true,
            "location": "westus3",
            "locks": null,
            "name": "sshharmlesssnipe",
            "output": "{}",
            "parent_id": "/subscriptions/a585494e-9cdd-410d-b1fc-be508ca92d42/resourceGroups/pfa-bold-shepherd",
            "removing_special_chars": false,
            "response_export_values": null,
            "schema_validation_enabled": true,
            "tags": {},
            "timeouts": null,
            "type": "Microsoft.Compute/sshPublicKeys@2022-11-01"
          },
          "sensitive_attributes": [],
          "private": "eyJlMmJmYjczMC1lY2FhLTExZTYtOGY4OC0zNDM2M2JjN2M0YzAiOnsiY3JlYXRlIjoxODAwMDAwMDAwMDAwLCJkZWxldGUiOjE4MDAwMDAwMDAwMDAsInJlYWQiOjMwMDAwMDAwMDAwMCwidXBkYXRlIjoxODAwMDAwMDAwMDAwfX0=",
          "dependencies": [
            "azurerm_resource_group.rg",
            "random_pet.rg_name",
            "random_pet.ssh_key_name"
          ]
        }
      ]
    },
    {
      "mode": "managed",
      "type": "azapi_resource_action",
      "name": "ssh_public_key_gen",
      "provider": "provider[\"registry.terraform.io/azure/azapi\"]",
      "instances": [
        {
          "schema_version": 0,
          "attributes": {
            "action": "generateKeyPair",
            "body": null,
            "id": "/subscriptions/a585494e-9cdd-410d-b1fc-be508ca92d42/resourceGroups/pfa-bold-shepherd/providers/Microsoft.Compute/sshPublicKeys/sshharmlesssnipe/generateKeyPair",
            "locks": null,
            "method": "POST",
            "output": "{\"publicKey\":\"ssh-rsa AAAAB3NzaC1yc2EAAAADAQABAAABgQCaB/KMh7y01XP3Pf2kKPXWlr3/kjxNX+xy2ddm6e7khKcm+I7VkreR4Fb3pZQERko6o4oa1vxR3V8a2/shzG5QT7DOgs/kzxCns4r/7fKW4i/Qgak8hFUJ9/BlLBJa7lVKdFLsdMl/jIXUy0vZ5JelAEbqBCKWtHTvEqUnaVyArn8R136AOZ/z3W8ojddoJ+RZuCFH7GUrUKCoH+zVYR7o1S3QJ1iweWdplQ6GtQQCE05A740FdJ6cx8vHefsZ5lyBim9a4NDtayHF2MIGua2OI2ImPulIggvafFGfk00gqZxIXPjbTL0RjE7oSAMTtaPeSYUdCvr7v7OLm2DwbkE8hyn0XtHGEuCIZUcyRriIwLATsWVFR859Uba4FfVJhxjqd2H4uS3sAewEd+K93XwKy5bswPBWewOipea02GkbVtEPc3Lo9nxAKiSPYbrzbtjoCmDEllwtEWFwHLG99w3MkA3sfVYs05Zfng7j0hSB3TKmNtkvcizd9Gq50GCWObk= generated-by-azure\"}",
            "resource_id": "/subscriptions/a585494e-9cdd-410d-b1fc-be508ca92d42/resourceGroups/pfa-bold-shepherd/providers/Microsoft.Compute/sshPublicKeys/sshharmlesssnipe",
            "response_export_values": [
              "publicKey"
            ],
            "timeouts": null,
            "type": "Microsoft.Compute/sshPublicKeys@2022-11-01"
          },
          "sensitive_attributes": [],
          "private": "eyJlMmJmYjczMC1lY2FhLTExZTYtOGY4OC0zNDM2M2JjN2M0YzAiOnsiY3JlYXRlIjoxODAwMDAwMDAwMDAwLCJkZWxldGUiOjE4MDAwMDAwMDAwMDAsInJlYWQiOjMwMDAwMDAwMDAwMCwidXBkYXRlIjoxODAwMDAwMDAwMDAwfX0=",
          "dependencies": [
            "azapi_resource.ssh_public_key",
            "azurerm_resource_group.rg",
            "random_pet.rg_name",
            "random_pet.ssh_key_name"
          ]
        }
      ]
    },
    {
      "mode": "managed",
      "type": "azuread_application",
      "name": "app",
      "provider": "provider[\"registry.terraform.io/hashicorp/azuread\"]",
      "instances": [
        {
          "schema_version": 1,
          "attributes": {
            "api": [
              {
                "known_client_applications": [],
                "mapped_claims_enabled": false,
                "oauth2_permission_scope": [],
                "requested_access_token_version": 1
              }
            ],
            "app_role": [],
            "app_role_ids": {},
            "application_id": "b45df404-25ef-4ce4-b1b9-98e0d5f24de6",
            "description": "",
            "device_only_auth_enabled": false,
            "disabled_by_microsoft": "\u003cnil\u003e",
            "display_name": "pfa-aks",
            "fallback_public_client_enabled": false,
            "feature_tags": [
              {
                "custom_single_sign_on": false,
                "enterprise": false,
                "gallery": false,
                "hide": false
              }
            ],
            "group_membership_claims": null,
            "id": "eb210aae-117b-496b-a95c-11843308ab9a",
            "identifier_uris": null,
            "logo_image": "",
            "logo_url": "",
            "marketing_url": "",
            "notes": "",
            "oauth2_permission_scope_ids": {},
            "oauth2_post_response_required": false,
            "object_id": "eb210aae-117b-496b-a95c-11843308ab9a",
            "optional_claims": [
              {
                "access_token": [],
                "id_token": [],
                "saml2_token": []
              }
            ],
            "owners": [
              "c23af4b1-ec14-436e-a207-a8a7c2e25330"
            ],
            "prevent_duplicate_names": false,
            "privacy_statement_url": "",
            "public_client": [
              {
                "redirect_uris": []
              }
            ],
            "publisher_domain": "xxxxxxxxxxxxxxsxxxxxxxxxxxx.onmicrosoft.com",
            "required_resource_access": [],
            "service_management_reference": "",
            "sign_in_audience": "AzureADMyOrg",
            "single_page_application": [
              {
                "redirect_uris": []
              }
            ],
            "support_url": "",
            "tags": [],
            "template_id": "",
            "terms_of_service_url": "",
            "timeouts": null,
            "web": [
              {
                "homepage_url": "",
                "implicit_grant": [
                  {
                    "access_token_issuance_enabled": false,
                    "id_token_issuance_enabled": false
                  }
                ],
                "logout_url": "",
                "redirect_uris": []
              }
            ]
          },
          "sensitive_attributes": [],
          "private": "eyJlMmJmYjczMC1lY2FhLTExZTYtOGY4OC0zNDM2M2JjN2M0YzAiOnsiY3JlYXRlIjo2MDAwMDAwMDAwMDAsImRlbGV0ZSI6MzAwMDAwMDAwMDAwLCJyZWFkIjozMDAwMDAwMDAwMDAsInVwZGF0ZSI6NjAwMDAwMDAwMDAwfSwic2NoZW1hX3ZlcnNpb24iOiIxIn0=",
          "dependencies": [
            "data.azurerm_client_config.current"
          ]
        }
      ]
    },
    {
      "mode": "managed",
      "type": "azuread_service_principal",
      "name": "app",
      "provider": "provider[\"registry.terraform.io/hashicorp/azuread\"]",
      "instances": [
        {
          "schema_version": 0,
          "attributes": {
            "account_enabled": true,
            "alternative_names": null,
            "app_role_assignment_required": true,
            "app_role_ids": {},
            "app_roles": [],
            "application_id": "b45df404-25ef-4ce4-b1b9-98e0d5f24de6",
            "application_tenant_id": "daae9e6d-b4bb-4929-9f3d-ee16306550fc",
            "description": "",
            "display_name": "pfa-aks",
            "feature_tags": [
              {
                "custom_single_sign_on": false,
                "enterprise": false,
                "gallery": false,
                "hide": false
              }
            ],
            "features": [
              {
                "custom_single_sign_on_app": false,
                "enterprise_application": false,
                "gallery_application": false,
                "visible_to_users": true
              }
            ],
            "homepage_url": "",
            "id": "584e25b4-c296-4675-a208-ddeef4aae124",
            "login_url": "",
            "logout_url": "",
            "notes": "",
            "notification_email_addresses": null,
            "oauth2_permission_scope_ids": {},
            "oauth2_permission_scopes": [],
            "object_id": "584e25b4-c296-4675-a208-ddeef4aae124",
            "owners": [
              "c23af4b1-ec14-436e-a207-a8a7c2e25330"
            ],
            "preferred_single_sign_on_mode": "",
            "redirect_uris": [],
            "saml_metadata_url": "",
            "saml_single_sign_on": [
              {
                "relay_state": ""
              }
            ],
            "service_principal_names": [],
            "sign_in_audience": "AzureADMyOrg",
            "tags": [],
            "timeouts": null,
            "type": "Application",
            "use_existing": null
          },
          "sensitive_attributes": [],
          "private": "eyJlMmJmYjczMC1lY2FhLTExZTYtOGY4OC0zNDM2M2JjN2M0YzAiOnsiY3JlYXRlIjo2MDAwMDAwMDAwMDAsImRlbGV0ZSI6MzAwMDAwMDAwMDAwLCJyZWFkIjozMDAwMDAwMDAwMDAsInVwZGF0ZSI6NjAwMDAwMDAwMDAwfX0=",
          "dependencies": [
            "azuread_application.app",
            "data.azurerm_client_config.current"
          ]
        }
      ]
    },
    {
      "mode": "managed",
      "type": "azuread_service_principal_password",
      "name": "app",
      "provider": "provider[\"registry.terraform.io/hashicorp/azuread\"]",
      "instances": [
        {
          "schema_version": 1,
          "attributes": {
            "display_name": null,
            "end_date": "2025-05-28T15:43:09Z",
            "end_date_relative": null,
            "id": "584e25b4-c296-4675-a208-ddeef4aae124/password/f77764d9-1fab-4ae3-b103-ab40047360b2",
            "key_id": "f77764d9-1fab-4ae3-b103-ab40047360b2",
            "rotate_when_changed": null,
            "service_principal_id": "584e25b4-c296-4675-a208-ddeef4aae124",
            "start_date": "2023-05-28T15:43:09Z",
            "timeouts": null,
            "value": "wUj8Q~UFpBbkbnrUyLj0n5IsJrkrWMOhDASwmdns"
          },
          "sensitive_attributes": [],
          "private": "eyJlMmJmYjczMC1lY2FhLTExZTYtOGY4OC0zNDM2M2JjN2M0YzAiOnsiY3JlYXRlIjozMDAwMDAwMDAwMDAsImRlbGV0ZSI6MzAwMDAwMDAwMDAwLCJyZWFkIjozMDAwMDAwMDAwMDAsInVwZGF0ZSI6MzAwMDAwMDAwMDAwfSwic2NoZW1hX3ZlcnNpb24iOiIxIn0=",
          "dependencies": [
            "azuread_application.app",
            "azuread_service_principal.app",
            "data.azurerm_client_config.current"
          ]
        }
      ]
    },
    {
      "mode": "managed",
      "type": "azurerm_log_analytics_solution",
      "name": "test",
      "provider": "provider[\"registry.terraform.io/hashicorp/azurerm\"]",
      "instances": [
        {
          "schema_version": 1,
          "attributes": {
            "id": "/subscriptions/a585494e-9cdd-410d-b1fc-be508ca92d42/resourceGroups/pfa-bold-shepherd/providers/Microsoft.OperationsManagement/solutions/ContainerInsights(ws-positive-jawfish)",
            "location": "westeurope",
            "plan": [
              {
                "name": "ContainerInsights(ws-positive-jawfish)",
                "product": "OMSGallery/ContainerInsights",
                "promotion_code": "",
                "publisher": "Microsoft"
              }
            ],
            "resource_group_name": "pfa-bold-shepherd",
            "solution_name": "ContainerInsights",
            "tags": null,
            "timeouts": null,
            "workspace_name": "ws-positive-jawfish",
            "workspace_resource_id": "/subscriptions/a585494e-9cdd-410d-b1fc-be508ca92d42/resourceGroups/pfa-bold-shepherd/providers/Microsoft.OperationalInsights/workspaces/ws-positive-jawfish"
          },
          "sensitive_attributes": [],
          "private": "eyJlMmJmYjczMC1lY2FhLTExZTYtOGY4OC0zNDM2M2JjN2M0YzAiOnsiY3JlYXRlIjoxODAwMDAwMDAwMDAwLCJkZWxldGUiOjE4MDAwMDAwMDAwMDAsInJlYWQiOjMwMDAwMDAwMDAwMCwidXBkYXRlIjoxODAwMDAwMDAwMDAwfSwic2NoZW1hX3ZlcnNpb24iOiIxIn0=",
          "dependencies": [
            "azurerm_log_analytics_workspace.test",
            "azurerm_resource_group.rg",
            "random_pet.azurerm_log_analytics_workspace_name",
            "random_pet.rg_name"
          ]
        }
      ]
    },
    {
      "mode": "managed",
      "type": "azurerm_log_analytics_workspace",
      "name": "test",
      "provider": "provider[\"registry.terraform.io/hashicorp/azurerm\"]",
      "instances": [
        {
          "schema_version": 3,
          "attributes": {
            "allow_resource_only_permissions": true,
            "cmk_for_query_forced": false,
            "daily_quota_gb": -1,
            "id": "/subscriptions/a585494e-9cdd-410d-b1fc-be508ca92d42/resourceGroups/pfa-bold-shepherd/providers/Microsoft.OperationalInsights/workspaces/ws-positive-jawfish",
            "internet_ingestion_enabled": true,
            "internet_query_enabled": true,
            "local_authentication_disabled": false,
            "location": "westeurope",
            "name": "ws-positive-jawfish",
            "primary_shared_key": "thBKRxVU6RohNn3aFHbF5k0c0dYK+Wq2vWmxGfiQFFcCQeQSALiHshWuC8dBxLNbPfOutwoDeeTombFXCyLbhw==",
            "reservation_capacity_in_gb_per_day": null,
            "resource_group_name": "pfa-bold-shepherd",
            "retention_in_days": 30,
            "secondary_shared_key": "hk+j3kcetgkhVHrvobJ3PUMc2CQSONVyWqeP1idbATUmnDHVCanzfbpcXqrebFu1YN50hOlfgIWwYaijE15INQ==",
            "sku": "PerGB2018",
            "tags": null,
            "timeouts": null,
            "workspace_id": "22652268-8eed-45e7-a823-1bd7825aa1e3"
          },
          "sensitive_attributes": [],
          "private": "eyJlMmJmYjczMC1lY2FhLTExZTYtOGY4OC0zNDM2M2JjN2M0YzAiOnsiY3JlYXRlIjoxODAwMDAwMDAwMDAwLCJkZWxldGUiOjE4MDAwMDAwMDAwMDAsInJlYWQiOjMwMDAwMDAwMDAwMCwidXBkYXRlIjoxODAwMDAwMDAwMDAwfSwic2NoZW1hX3ZlcnNpb24iOiIzIn0=",
          "dependencies": [
            "azurerm_resource_group.rg",
            "random_pet.azurerm_log_analytics_workspace_name",
            "random_pet.rg_name"
          ]
        }
      ]
    },
    {
      "mode": "managed",
      "type": "azurerm_resource_group",
      "name": "rg",
      "provider": "provider[\"registry.terraform.io/hashicorp/azurerm\"]",
      "instances": [
        {
          "schema_version": 0,
          "attributes": {
            "id": "/subscriptions/a585494e-9cdd-410d-b1fc-be508ca92d42/resourceGroups/pfa-bold-shepherd",
            "location": "westeurope",
            "name": "pfa-bold-shepherd",
            "tags": null,
            "timeouts": null
          },
          "sensitive_attributes": [],
          "private": "eyJlMmJmYjczMC1lY2FhLTExZTYtOGY4OC0zNDM2M2JjN2M0YzAiOnsiY3JlYXRlIjo1NDAwMDAwMDAwMDAwLCJkZWxldGUiOjU0MDAwMDAwMDAwMDAsInJlYWQiOjMwMDAwMDAwMDAwMCwidXBkYXRlIjo1NDAwMDAwMDAwMDAwfX0=",
          "dependencies": [
            "random_pet.rg_name"
          ]
        }
      ]
    },
    {
      "mode": "managed",
      "type": "random_pet",
      "name": "azurerm_kubernetes_cluster_dns_prefix",
      "provider": "provider[\"registry.terraform.io/hashicorp/random\"]",
      "instances": [
        {
          "schema_version": 0,
          "attributes": {
            "id": "dns-golden-rooster",
            "keepers": null,
            "length": 2,
            "prefix": "dns",
            "separator": "-"
          },
          "sensitive_attributes": []
        }
      ]
    },
    {
      "mode": "managed",
      "type": "random_pet",
      "name": "azurerm_kubernetes_cluster_name",
      "provider": "provider[\"registry.terraform.io/hashicorp/random\"]",
      "instances": [
        {
          "schema_version": 0,
          "attributes": {
            "id": "cluster-daring-cattle",
            "keepers": null,
            "length": 2,
            "prefix": "cluster",
            "separator": "-"
          },
          "sensitive_attributes": []
        }
      ]
    },
    {
      "mode": "managed",
      "type": "random_pet",
      "name": "azurerm_log_analytics_workspace_name",
      "provider": "provider[\"registry.terraform.io/hashicorp/random\"]",
      "instances": [
        {
          "schema_version": 0,
          "attributes": {
            "id": "ws-positive-jawfish",
            "keepers": null,
            "length": 2,
            "prefix": "ws",
            "separator": "-"
          },
          "sensitive_attributes": []
        }
      ]
    },
    {
      "mode": "managed",
      "type": "random_pet",
      "name": "rg_name",
      "provider": "provider[\"registry.terraform.io/hashicorp/random\"]",
      "instances": [
        {
          "schema_version": 0,
          "attributes": {
            "id": "pfa-bold-shepherd",
            "keepers": null,
            "length": 2,
            "prefix": "pfa",
            "separator": "-"
          },
          "sensitive_attributes": []
        }
      ]
    },
    {
      "mode": "managed",
      "type": "random_pet",
      "name": "ssh_key_name",
      "provider": "provider[\"registry.terraform.io/hashicorp/random\"]",
      "instances": [
        {
          "schema_version": 0,
          "attributes": {
            "id": "sshharmlesssnipe",
            "keepers": null,
            "length": 2,
            "prefix": "ssh",
            "separator": ""
          },
          "sensitive_attributes": []
        }
      ]
    },
    {
      "mode": "managed",
      "type": "time_sleep",
      "name": "wait_30_seconds",
      "provider": "provider[\"registry.terraform.io/hashicorp/time\"]",
      "instances": [
        {
          "schema_version": 0,
          "attributes": {
            "create_duration": "30s",
            "destroy_duration": null,
            "id": "2023-05-28T15:43:47Z",
            "triggers": null
          },
          "sensitive_attributes": [],
          "dependencies": [
            "azuread_application.app",
            "azuread_service_principal.app",
            "azuread_service_principal_password.app",
            "data.azurerm_client_config.current"
          ]
        }
      ]
    }
  ],
  "check_results": null
}
