{
  "version": 4,
  "terraform_version": "1.4.5",
  "serial": 5,
  "lineage": "b56ec481-844b-e2f1-2bc1-3e4389b8b34d",
  "outputs": {
    "Kube_context": {
      "value": "cluster-daring-cattle",
      "type": "string"
    },
    "Kubeconfig_Path": {
      "value": "/home/niemand/Desktop/pfa/Clusters/kube-az.yaml",
      "type": "string"
    },
    "rabbitmq_password": {
      "value": "to get rabbitMQ's username, execute: kubectl get secret rabbitmq-cluster-default-user -o jsonpath='{.data.password}' -n rabbitmq | base64 -d",
      "type": "string"
    },
    "rabbitmq_username": {
      "value": "to get rabbitMQ's username, execute: kubectl get secret rabbitmq-cluster-default-user -o jsonpath='{.data.username}' -n rabbitmq | base64 -d",
      "type": "string"
    }
  },
  "resources": [
    {
      "mode": "managed",
      "type": "helm_release",
      "name": "install_rabbitmq_operator",
      "provider": "provider[\"registry.terraform.io/hashicorp/helm\"]",
      "instances": [
        {
          "schema_version": 1,
          "attributes": {
            "atomic": true,
            "chart": "rabbitmq-cluster-operator",
            "cleanup_on_fail": false,
            "create_namespace": false,
            "dependency_update": false,
            "description": null,
            "devel": null,
            "disable_crd_hooks": false,
            "disable_openapi_validation": false,
            "disable_webhooks": false,
            "force_update": false,
            "id": "rabbit-operator",
            "keyring": null,
            "lint": false,
            "manifest": null,
            "max_history": 0,
            "metadata": [
              {
                "app_version": "2.2.0",
                "chart": "rabbitmq-cluster-operator",
                "name": "rabbit-operator",
                "namespace": "rabbitmq",
                "revision": 1,
                "values": "null",
                "version": "3.4.1"
              }
            ],
            "name": "rabbit-operator",
            "namespace": "rabbitmq",
            "pass_credentials": false,
            "postrender": [],
            "recreate_pods": false,
            "render_subchart_notes": true,
            "replace": false,
            "repository": "https://charts.bitnami.com/bitnami",
            "repository_ca_file": null,
            "repository_cert_file": null,
            "repository_key_file": null,
            "repository_password": null,
            "repository_username": null,
            "reset_values": false,
            "reuse_values": false,
            "set": [],
            "set_sensitive": [],
            "skip_crds": false,
            "status": "deployed",
            "timeout": 300,
            "values": null,
            "verify": false,
            "version": "3.4.1",
            "wait": true,
            "wait_for_jobs": false
          },
          "sensitive_attributes": [],
          "private": "eyJzY2hlbWFfdmVyc2lvbiI6IjEifQ==",
          "dependencies": [
            "kubernetes_namespace.rabbitmq_namespace"
          ]
        }
      ]
    },
    {
      "mode": "managed",
      "type": "kubernetes_manifest",
      "name": "rabbitmq",
      "provider": "provider[\"registry.terraform.io/hashicorp/kubernetes\"]",
      "instances": [
        {
          "schema_version": 1,
          "attributes": {
            "computed_fields": null,
            "field_manager": [],
            "manifest": {
              "value": {
                "apiVersion": "rabbitmq.com/v1beta1",
                "kind": "RabbitmqCluster",
                "metadata": {
                  "name": "rabbitmq-cluster",
                  "namespace": "rabbitmq"
                },
                "spec": {
                  "affinity": {
                    "podAntiAffinity": {
                      "requiredDuringSchedulingIgnoredDuringExecution": [
                        {
                          "labelSelector": {
                            "matchExpressions": [
                              {
                                "key": "app.kubernetes.io/name",
                                "operator": "In",
                                "values": [
                                  "rabbitmq-cluster"
                                ]
                              }
                            ]
                          },
                          "topologyKey": "kubernetes.io/hostname"
                        }
                      ]
                    }
                  },
                  "override": {
                    "statefulSet": {
                      "spec": {
                        "podManagementPolicy": "OrderedReady"
                      }
                    }
                  },
                  "rabbitmq": {
                    "additionalConfig": "disk_free_limit.absolute = 500MB\nvm_memory_high_watermark.relative = 0.6\n",
                    "additionalPlugins": [
                      "rabbitmq_federation"
                    ]
                  },
                  "replicas": 1,
                  "service": {
                    "type": "LoadBalancer"
                  }
                }
              },
              "type": [
                "object",
                {
                  "apiVersion": "string",
                  "kind": "string",
                  "metadata": [
                    "object",
                    {
                      "name": "string",
                      "namespace": "string"
                    }
                  ],
                  "spec": [
                    "object",
                    {
                      "affinity": [
                        "object",
                        {
                          "podAntiAffinity": [
                            "object",
                            {
                              "requiredDuringSchedulingIgnoredDuringExecution": [
                                "tuple",
                                [
                                  [
                                    "object",
                                    {
                                      "labelSelector": [
                                        "object",
                                        {
                                          "matchExpressions": [
                                            "tuple",
                                            [
                                              [
                                                "object",
                                                {
                                                  "key": "string",
                                                  "operator": "string",
                                                  "values": [
                                                    "tuple",
                                                    [
                                                      "string"
                                                    ]
                                                  ]
                                                }
                                              ]
                                            ]
                                          ]
                                        }
                                      ],
                                      "topologyKey": "string"
                                    }
                                  ]
                                ]
                              ]
                            }
                          ]
                        }
                      ],
                      "override": [
                        "object",
                        {
                          "statefulSet": [
                            "object",
                            {
                              "spec": [
                                "object",
                                {
                                  "podManagementPolicy": "string"
                                }
                              ]
                            }
                          ]
                        }
                      ],
                      "rabbitmq": [
                        "object",
                        {
                          "additionalConfig": "string",
                          "additionalPlugins": [
                            "tuple",
                            [
                              "string"
                            ]
                          ]
                        }
                      ],
                      "replicas": "number",
                      "service": [
                        "object",
                        {
                          "type": "string"
                        }
                      ]
                    }
                  ]
                }
              ]
            },
            "object": {
              "value": {
                "apiVersion": "rabbitmq.com/v1beta1",
                "kind": "RabbitmqCluster",
                "metadata": {
                  "annotations": null,
                  "creationTimestamp": null,
                  "deletionGracePeriodSeconds": null,
                  "deletionTimestamp": null,
                  "finalizers": null,
                  "generateName": null,
                  "generation": null,
                  "labels": null,
                  "managedFields": null,
                  "name": "rabbitmq-cluster",
                  "namespace": "rabbitmq",
                  "ownerReferences": null,
                  "resourceVersion": null,
                  "selfLink": null,
                  "uid": null
                },
                "spec": {
                  "affinity": {
                    "nodeAffinity": {
                      "preferredDuringSchedulingIgnoredDuringExecution": null,
                      "requiredDuringSchedulingIgnoredDuringExecution": {
                        "nodeSelectorTerms": null
                      }
                    },
                    "podAffinity": {
                      "preferredDuringSchedulingIgnoredDuringExecution": null,
                      "requiredDuringSchedulingIgnoredDuringExecution": null
                    },
                    "podAntiAffinity": {
                      "preferredDuringSchedulingIgnoredDuringExecution": null,
                      "requiredDuringSchedulingIgnoredDuringExecution": [
                        {
                          "labelSelector": {
                            "matchExpressions": [
                              {
                                "key": "app.kubernetes.io/name",
                                "operator": "In",
                                "values": [
                                  "rabbitmq-cluster"
                                ]
                              }
                            ],
                            "matchLabels": null
                          },
                          "namespaceSelector": {
                            "matchExpressions": null,
                            "matchLabels": null
                          },
                          "namespaces": null,
                          "topologyKey": "kubernetes.io/hostname"
                        }
                      ]
                    }
                  },
                  "delayStartSeconds": 30,
                  "image": null,
                  "imagePullSecrets": null,
                  "override": {
                    "service": {
                      "metadata": {
                        "annotations": null,
                        "labels": null
                      },
                      "spec": {
                        "allocateLoadBalancerNodePorts": null,
                        "clusterIP": null,
                        "clusterIPs": null,
                        "externalIPs": null,
                        "externalName": null,
                        "externalTrafficPolicy": null,
                        "healthCheckNodePort": null,
                        "internalTrafficPolicy": null,
                        "ipFamilies": null,
                        "ipFamilyPolicy": null,
                        "loadBalancerClass": null,
                        "loadBalancerIP": null,
                        "loadBalancerSourceRanges": null,
                        "ports": null,
                        "publishNotReadyAddresses": null,
                        "selector": null,
                        "sessionAffinity": null,
                        "sessionAffinityConfig": {
                          "clientIP": {
                            "timeoutSeconds": null
                          }
                        },
                        "type": null
                      }
                    },
                    "statefulSet": {
                      "metadata": {
                        "annotations": null,
                        "labels": null
                      },
                      "spec": {
                        "minReadySeconds": null,
                        "persistentVolumeClaimRetentionPolicy": {
                          "whenDeleted": null,
                          "whenScaled": null
                        },
                        "podManagementPolicy": "OrderedReady",
                        "replicas": null,
                        "selector": {
                          "matchExpressions": null,
                          "matchLabels": null
                        },
                        "serviceName": null,
                        "template": {
                          "metadata": {
                            "annotations": null,
                            "labels": null,
                            "name": null,
                            "namespace": null
                          },
                          "spec": {
                            "activeDeadlineSeconds": null,
                            "affinity": {
                              "nodeAffinity": {
                                "preferredDuringSchedulingIgnoredDuringExecution": null,
                                "requiredDuringSchedulingIgnoredDuringExecution": {
                                  "nodeSelectorTerms": null
                                }
                              },
                              "podAffinity": {
                                "preferredDuringSchedulingIgnoredDuringExecution": null,
                                "requiredDuringSchedulingIgnoredDuringExecution": null
                              },
                              "podAntiAffinity": {
                                "preferredDuringSchedulingIgnoredDuringExecution": null,
                                "requiredDuringSchedulingIgnoredDuringExecution": null
                              }
                            },
                            "automountServiceAccountToken": null,
                            "containers": null,
                            "dnsConfig": {
                              "nameservers": null,
                              "options": null,
                              "searches": null
                            },
                            "dnsPolicy": null,
                            "enableServiceLinks": null,
                            "ephemeralContainers": null,
                            "hostAliases": null,
                            "hostIPC": null,
                            "hostNetwork": null,
                            "hostPID": null,
                            "hostUsers": null,
                            "hostname": null,
                            "imagePullSecrets": null,
                            "initContainers": null,
                            "nodeName": null,
                            "nodeSelector": null,
                            "os": {
                              "name": null
                            },
                            "overhead": null,
                            "preemptionPolicy": null,
                            "priority": null,
                            "priorityClassName": null,
                            "readinessGates": null,
                            "resourceClaims": null,
                            "restartPolicy": null,
                            "runtimeClassName": null,
                            "schedulerName": null,
                            "schedulingGates": null,
                            "securityContext": {
                              "fsGroup": null,
                              "fsGroupChangePolicy": null,
                              "runAsGroup": null,
                              "runAsNonRoot": null,
                              "runAsUser": null,
                              "seLinuxOptions": {
                                "level": null,
                                "role": null,
                                "type": null,
                                "user": null
                              },
                              "seccompProfile": {
                                "localhostProfile": null,
                                "type": null
                              },
                              "supplementalGroups": null,
                              "sysctls": null,
                              "windowsOptions": {
                                "gmsaCredentialSpec": null,
                                "gmsaCredentialSpecName": null,
                                "hostProcess": null,
                                "runAsUserName": null
                              }
                            },
                            "serviceAccount": null,
                            "serviceAccountName": null,
                            "setHostnameAsFQDN": null,
                            "shareProcessNamespace": null,
                            "subdomain": null,
                            "terminationGracePeriodSeconds": null,
                            "tolerations": null,
                            "topologySpreadConstraints": null,
                            "volumes": null
                          }
                        },
                        "updateStrategy": {
                          "rollingUpdate": {
                            "maxUnavailable": null,
                            "partition": null
                          },
                          "type": null
                        },
                        "volumeClaimTemplates": null
                      }
                    }
                  },
                  "persistence": {
                    "storage": "10Gi",
                    "storageClassName": null
                  },
                  "rabbitmq": {
                    "additionalConfig": "disk_free_limit.absolute = 500MB\nvm_memory_high_watermark.relative = 0.6\n",
                    "additionalPlugins": [
                      "rabbitmq_federation"
                    ],
                    "advancedConfig": null,
                    "envConfig": null
                  },
                  "replicas": 1,
                  "resources": {
                    "claims": null,
                    "limits": {
                      "cpu": "2000m",
                      "memory": "2Gi"
                    },
                    "requests": {
                      "cpu": "1000m",
                      "memory": "2Gi"
                    }
                  },
                  "secretBackend": {
                    "externalSecret": {
                      "name": null
                    },
                    "vault": {
                      "annotations": null,
                      "defaultUserPath": null,
                      "defaultUserUpdaterImage": null,
                      "role": null,
                      "tls": {
                        "altNames": null,
                        "commonName": null,
                        "ipSans": null,
                        "pkiIssuerPath": null
                      }
                    }
                  },
                  "service": {
                    "annotations": null,
                    "type": "LoadBalancer"
                  },
                  "skipPostDeploySteps": null,
                  "terminationGracePeriodSeconds": 604800,
                  "tls": {
                    "caSecretName": null,
                    "disableNonTLSListeners": null,
                    "secretName": null
                  },
                  "tolerations": null
                }
              },
              "type": [
                "object",
                {
                  "apiVersion": "string",
                  "kind": "string",
                  "metadata": [
                    "object",
                    {
                      "annotations": [
                        "map",
                        "string"
                      ],
                      "creationTimestamp": "string",
                      "deletionGracePeriodSeconds": "number",
                      "deletionTimestamp": "string",
                      "finalizers": [
                        "list",
                        "string"
                      ],
                      "generateName": "string",
                      "generation": "number",
                      "labels": [
                        "map",
                        "string"
                      ],
                      "managedFields": [
                        "tuple",
                        [
                          [
                            "object",
                            {
                              "apiVersion": "string",
                              "fieldsType": "string",
                              "fieldsV1": "dynamic",
                              "manager": "string",
                              "operation": "string",
                              "subresource": "string",
                              "time": "string"
                            }
                          ]
                        ]
                      ],
                      "name": "string",
                      "namespace": "string",
                      "ownerReferences": [
                        "list",
                        [
                          "object",
                          {
                            "apiVersion": "string",
                            "blockOwnerDeletion": "bool",
                            "controller": "bool",
                            "kind": "string",
                            "name": "string",
                            "uid": "string"
                          }
                        ]
                      ],
                      "resourceVersion": "string",
                      "selfLink": "string",
                      "uid": "string"
                    }
                  ],
                  "spec": [
                    "object",
                    {
                      "affinity": [
                        "object",
                        {
                          "nodeAffinity": [
                            "object",
                            {
                              "preferredDuringSchedulingIgnoredDuringExecution": [
                                "list",
                                [
                                  "object",
                                  {
                                    "preference": [
                                      "object",
                                      {
                                        "matchExpressions": [
                                          "list",
                                          [
                                            "object",
                                            {
                                              "key": "string",
                                              "operator": "string",
                                              "values": [
                                                "list",
                                                "string"
                                              ]
                                            }
                                          ]
                                        ],
                                        "matchFields": [
                                          "list",
                                          [
                                            "object",
                                            {
                                              "key": "string",
                                              "operator": "string",
                                              "values": [
                                                "list",
                                                "string"
                                              ]
                                            }
                                          ]
                                        ]
                                      }
                                    ],
                                    "weight": "number"
                                  }
                                ]
                              ],
                              "requiredDuringSchedulingIgnoredDuringExecution": [
                                "object",
                                {
                                  "nodeSelectorTerms": [
                                    "list",
                                    [
                                      "object",
                                      {
                                        "matchExpressions": [
                                          "list",
                                          [
                                            "object",
                                            {
                                              "key": "string",
                                              "operator": "string",
                                              "values": [
                                                "list",
                                                "string"
                                              ]
                                            }
                                          ]
                                        ],
                                        "matchFields": [
                                          "list",
                                          [
                                            "object",
                                            {
                                              "key": "string",
                                              "operator": "string",
                                              "values": [
                                                "list",
                                                "string"
                                              ]
                                            }
                                          ]
                                        ]
                                      }
                                    ]
                                  ]
                                }
                              ]
                            }
                          ],
                          "podAffinity": [
                            "object",
                            {
                              "preferredDuringSchedulingIgnoredDuringExecution": [
                                "list",
                                [
                                  "object",
                                  {
                                    "podAffinityTerm": [
                                      "object",
                                      {
                                        "labelSelector": [
                                          "object",
                                          {
                                            "matchExpressions": [
                                              "list",
                                              [
                                                "object",
                                                {
                                                  "key": "string",
                                                  "operator": "string",
                                                  "values": [
                                                    "list",
                                                    "string"
                                                  ]
                                                }
                                              ]
                                            ],
                                            "matchLabels": [
                                              "map",
                                              "string"
                                            ]
                                          }
                                        ],
                                        "namespaceSelector": [
                                          "object",
                                          {
                                            "matchExpressions": [
                                              "list",
                                              [
                                                "object",
                                                {
                                                  "key": "string",
                                                  "operator": "string",
                                                  "values": [
                                                    "list",
                                                    "string"
                                                  ]
                                                }
                                              ]
                                            ],
                                            "matchLabels": [
                                              "map",
                                              "string"
                                            ]
                                          }
                                        ],
                                        "namespaces": [
                                          "list",
                                          "string"
                                        ],
                                        "topologyKey": "string"
                                      }
                                    ],
                                    "weight": "number"
                                  }
                                ]
                              ],
                              "requiredDuringSchedulingIgnoredDuringExecution": [
                                "list",
                                [
                                  "object",
                                  {
                                    "labelSelector": [
                                      "object",
                                      {
                                        "matchExpressions": [
                                          "list",
                                          [
                                            "object",
                                            {
                                              "key": "string",
                                              "operator": "string",
                                              "values": [
                                                "list",
                                                "string"
                                              ]
                                            }
                                          ]
                                        ],
                                        "matchLabels": [
                                          "map",
                                          "string"
                                        ]
                                      }
                                    ],
                                    "namespaceSelector": [
                                      "object",
                                      {
                                        "matchExpressions": [
                                          "list",
                                          [
                                            "object",
                                            {
                                              "key": "string",
                                              "operator": "string",
                                              "values": [
                                                "list",
                                                "string"
                                              ]
                                            }
                                          ]
                                        ],
                                        "matchLabels": [
                                          "map",
                                          "string"
                                        ]
                                      }
                                    ],
                                    "namespaces": [
                                      "list",
                                      "string"
                                    ],
                                    "topologyKey": "string"
                                  }
                                ]
                              ]
                            }
                          ],
                          "podAntiAffinity": [
                            "object",
                            {
                              "preferredDuringSchedulingIgnoredDuringExecution": [
                                "list",
                                [
                                  "object",
                                  {
                                    "podAffinityTerm": [
                                      "object",
                                      {
                                        "labelSelector": [
                                          "object",
                                          {
                                            "matchExpressions": [
                                              "list",
                                              [
                                                "object",
                                                {
                                                  "key": "string",
                                                  "operator": "string",
                                                  "values": [
                                                    "list",
                                                    "string"
                                                  ]
                                                }
                                              ]
                                            ],
                                            "matchLabels": [
                                              "map",
                                              "string"
                                            ]
                                          }
                                        ],
                                        "namespaceSelector": [
                                          "object",
                                          {
                                            "matchExpressions": [
                                              "list",
                                              [
                                                "object",
                                                {
                                                  "key": "string",
                                                  "operator": "string",
                                                  "values": [
                                                    "list",
                                                    "string"
                                                  ]
                                                }
                                              ]
                                            ],
                                            "matchLabels": [
                                              "map",
                                              "string"
                                            ]
                                          }
                                        ],
                                        "namespaces": [
                                          "list",
                                          "string"
                                        ],
                                        "topologyKey": "string"
                                      }
                                    ],
                                    "weight": "number"
                                  }
                                ]
                              ],
                              "requiredDuringSchedulingIgnoredDuringExecution": [
                                "list",
                                [
                                  "object",
                                  {
                                    "labelSelector": [
                                      "object",
                                      {
                                        "matchExpressions": [
                                          "list",
                                          [
                                            "object",
                                            {
                                              "key": "string",
                                              "operator": "string",
                                              "values": [
                                                "list",
                                                "string"
                                              ]
                                            }
                                          ]
                                        ],
                                        "matchLabels": [
                                          "map",
                                          "string"
                                        ]
                                      }
                                    ],
                                    "namespaceSelector": [
                                      "object",
                                      {
                                        "matchExpressions": [
                                          "list",
                                          [
                                            "object",
                                            {
                                              "key": "string",
                                              "operator": "string",
                                              "values": [
                                                "list",
                                                "string"
                                              ]
                                            }
                                          ]
                                        ],
                                        "matchLabels": [
                                          "map",
                                          "string"
                                        ]
                                      }
                                    ],
                                    "namespaces": [
                                      "list",
                                      "string"
                                    ],
                                    "topologyKey": "string"
                                  }
                                ]
                              ]
                            }
                          ]
                        }
                      ],
                      "delayStartSeconds": "number",
                      "image": "string",
                      "imagePullSecrets": [
                        "list",
                        [
                          "object",
                          {
                            "name": "string"
                          }
                        ]
                      ],
                      "override": [
                        "object",
                        {
                          "service": [
                            "object",
                            {
                              "metadata": [
                                "object",
                                {
                                  "annotations": [
                                    "map",
                                    "string"
                                  ],
                                  "labels": [
                                    "map",
                                    "string"
                                  ]
                                }
                              ],
                              "spec": [
                                "object",
                                {
                                  "allocateLoadBalancerNodePorts": "bool",
                                  "clusterIP": "string",
                                  "clusterIPs": [
                                    "list",
                                    "string"
                                  ],
                                  "externalIPs": [
                                    "list",
                                    "string"
                                  ],
                                  "externalName": "string",
                                  "externalTrafficPolicy": "string",
                                  "healthCheckNodePort": "number",
                                  "internalTrafficPolicy": "string",
                                  "ipFamilies": [
                                    "list",
                                    "string"
                                  ],
                                  "ipFamilyPolicy": "string",
                                  "loadBalancerClass": "string",
                                  "loadBalancerIP": "string",
                                  "loadBalancerSourceRanges": [
                                    "list",
                                    "string"
                                  ],
                                  "ports": [
                                    "list",
                                    [
                                      "object",
                                      {
                                        "appProtocol": "string",
                                        "name": "string",
                                        "nodePort": "number",
                                        "port": "number",
                                        "protocol": "string",
                                        "targetPort": "string"
                                      }
                                    ]
                                  ],
                                  "publishNotReadyAddresses": "bool",
                                  "selector": [
                                    "map",
                                    "string"
                                  ],
                                  "sessionAffinity": "string",
                                  "sessionAffinityConfig": [
                                    "object",
                                    {
                                      "clientIP": [
                                        "object",
                                        {
                                          "timeoutSeconds": "number"
                                        }
                                      ]
                                    }
                                  ],
                                  "type": "string"
                                }
                              ]
                            }
                          ],
                          "statefulSet": [
                            "object",
                            {
                              "metadata": [
                                "object",
                                {
                                  "annotations": [
                                    "map",
                                    "string"
                                  ],
                                  "labels": [
                                    "map",
                                    "string"
                                  ]
                                }
                              ],
                              "spec": [
                                "object",
                                {
                                  "minReadySeconds": "number",
                                  "persistentVolumeClaimRetentionPolicy": [
                                    "object",
                                    {
                                      "whenDeleted": "string",
                                      "whenScaled": "string"
                                    }
                                  ],
                                  "podManagementPolicy": "string",
                                  "replicas": "number",
                                  "selector": [
                                    "object",
                                    {
                                      "matchExpressions": [
                                        "list",
                                        [
                                          "object",
                                          {
                                            "key": "string",
                                            "operator": "string",
                                            "values": [
                                              "list",
                                              "string"
                                            ]
                                          }
                                        ]
                                      ],
                                      "matchLabels": [
                                        "map",
                                        "string"
                                      ]
                                    }
                                  ],
                                  "serviceName": "string",
                                  "template": [
                                    "object",
                                    {
                                      "metadata": [
                                        "object",
                                        {
                                          "annotations": [
                                            "map",
                                            "string"
                                          ],
                                          "labels": [
                                            "map",
                                            "string"
                                          ],
                                          "name": "string",
                                          "namespace": "string"
                                        }
                                      ],
                                      "spec": [
                                        "object",
                                        {
                                          "activeDeadlineSeconds": "number",
                                          "affinity": [
                                            "object",
                                            {
                                              "nodeAffinity": [
                                                "object",
                                                {
                                                  "preferredDuringSchedulingIgnoredDuringExecution": [
                                                    "list",
                                                    [
                                                      "object",
                                                      {
                                                        "preference": [
                                                          "object",
                                                          {
                                                            "matchExpressions": [
                                                              "list",
                                                              [
                                                                "object",
                                                                {
                                                                  "key": "string",
                                                                  "operator": "string",
                                                                  "values": [
                                                                    "list",
                                                                    "string"
                                                                  ]
                                                                }
                                                              ]
                                                            ],
                                                            "matchFields": [
                                                              "list",
                                                              [
                                                                "object",
                                                                {
                                                                  "key": "string",
                                                                  "operator": "string",
                                                                  "values": [
                                                                    "list",
                                                                    "string"
                                                                  ]
                                                                }
                                                              ]
                                                            ]
                                                          }
                                                        ],
                                                        "weight": "number"
                                                      }
                                                    ]
                                                  ],
                                                  "requiredDuringSchedulingIgnoredDuringExecution": [
                                                    "object",
                                                    {
                                                      "nodeSelectorTerms": [
                                                        "list",
                                                        [
                                                          "object",
                                                          {
                                                            "matchExpressions": [
                                                              "list",
                                                              [
                                                                "object",
                                                                {
                                                                  "key": "string",
                                                                  "operator": "string",
                                                                  "values": [
                                                                    "list",
                                                                    "string"
                                                                  ]
                                                                }
                                                              ]
                                                            ],
                                                            "matchFields": [
                                                              "list",
                                                              [
                                                                "object",
                                                                {
                                                                  "key": "string",
                                                                  "operator": "string",
                                                                  "values": [
                                                                    "list",
                                                                    "string"
                                                                  ]
                                                                }
                                                              ]
                                                            ]
                                                          }
                                                        ]
                                                      ]
                                                    }
                                                  ]
                                                }
                                              ],
                                              "podAffinity": [
                                                "object",
                                                {
                                                  "preferredDuringSchedulingIgnoredDuringExecution": [
                                                    "list",
                                                    [
                                                      "object",
                                                      {
                                                        "podAffinityTerm": [
                                                          "object",
                                                          {
                                                            "labelSelector": [
                                                              "object",
                                                              {
                                                                "matchExpressions": [
                                                                  "list",
                                                                  [
                                                                    "object",
                                                                    {
                                                                      "key": "string",
                                                                      "operator": "string",
                                                                      "values": [
                                                                        "list",
                                                                        "string"
                                                                      ]
                                                                    }
                                                                  ]
                                                                ],
                                                                "matchLabels": [
                                                                  "map",
                                                                  "string"
                                                                ]
                                                              }
                                                            ],
                                                            "namespaceSelector": [
                                                              "object",
                                                              {
                                                                "matchExpressions": [
                                                                  "list",
                                                                  [
                                                                    "object",
                                                                    {
                                                                      "key": "string",
                                                                      "operator": "string",
                                                                      "values": [
                                                                        "list",
                                                                        "string"
                                                                      ]
                                                                    }
                                                                  ]
                                                                ],
                                                                "matchLabels": [
                                                                  "map",
                                                                  "string"
                                                                ]
                                                              }
                                                            ],
                                                            "namespaces": [
                                                              "list",
                                                              "string"
                                                            ],
                                                            "topologyKey": "string"
                                                          }
                                                        ],
                                                        "weight": "number"
                                                      }
                                                    ]
                                                  ],
                                                  "requiredDuringSchedulingIgnoredDuringExecution": [
                                                    "list",
                                                    [
                                                      "object",
                                                      {
                                                        "labelSelector": [
                                                          "object",
                                                          {
                                                            "matchExpressions": [
                                                              "list",
                                                              [
                                                                "object",
                                                                {
                                                                  "key": "string",
                                                                  "operator": "string",
                                                                  "values": [
                                                                    "list",
                                                                    "string"
                                                                  ]
                                                                }
                                                              ]
                                                            ],
                                                            "matchLabels": [
                                                              "map",
                                                              "string"
                                                            ]
                                                          }
                                                        ],
                                                        "namespaceSelector": [
                                                          "object",
                                                          {
                                                            "matchExpressions": [
                                                              "list",
                                                              [
                                                                "object",
                                                                {
                                                                  "key": "string",
                                                                  "operator": "string",
                                                                  "values": [
                                                                    "list",
                                                                    "string"
                                                                  ]
                                                                }
                                                              ]
                                                            ],
                                                            "matchLabels": [
                                                              "map",
                                                              "string"
                                                            ]
                                                          }
                                                        ],
                                                        "namespaces": [
                                                          "list",
                                                          "string"
                                                        ],
                                                        "topologyKey": "string"
                                                      }
                                                    ]
                                                  ]
                                                }
                                              ],
                                              "podAntiAffinity": [
                                                "object",
                                                {
                                                  "preferredDuringSchedulingIgnoredDuringExecution": [
                                                    "list",
                                                    [
                                                      "object",
                                                      {
                                                        "podAffinityTerm": [
                                                          "object",
                                                          {
                                                            "labelSelector": [
                                                              "object",
                                                              {
                                                                "matchExpressions": [
                                                                  "list",
                                                                  [
                                                                    "object",
                                                                    {
                                                                      "key": "string",
                                                                      "operator": "string",
                                                                      "values": [
                                                                        "list",
                                                                        "string"
                                                                      ]
                                                                    }
                                                                  ]
                                                                ],
                                                                "matchLabels": [
                                                                  "map",
                                                                  "string"
                                                                ]
                                                              }
                                                            ],
                                                            "namespaceSelector": [
                                                              "object",
                                                              {
                                                                "matchExpressions": [
                                                                  "list",
                                                                  [
                                                                    "object",
                                                                    {
                                                                      "key": "string",
                                                                      "operator": "string",
                                                                      "values": [
                                                                        "list",
                                                                        "string"
                                                                      ]
                                                                    }
                                                                  ]
                                                                ],
                                                                "matchLabels": [
                                                                  "map",
                                                                  "string"
                                                                ]
                                                              }
                                                            ],
                                                            "namespaces": [
                                                              "list",
                                                              "string"
                                                            ],
                                                            "topologyKey": "string"
                                                          }
                                                        ],
                                                        "weight": "number"
                                                      }
                                                    ]
                                                  ],
                                                  "requiredDuringSchedulingIgnoredDuringExecution": [
                                                    "list",
                                                    [
                                                      "object",
                                                      {
                                                        "labelSelector": [
                                                          "object",
                                                          {
                                                            "matchExpressions": [
                                                              "list",
                                                              [
                                                                "object",
                                                                {
                                                                  "key": "string",
                                                                  "operator": "string",
                                                                  "values": [
                                                                    "list",
                                                                    "string"
                                                                  ]
                                                                }
                                                              ]
                                                            ],
                                                            "matchLabels": [
                                                              "map",
                                                              "string"
                                                            ]
                                                          }
                                                        ],
                                                        "namespaceSelector": [
                                                          "object",
                                                          {
                                                            "matchExpressions": [
                                                              "list",
                                                              [
                                                                "object",
                                                                {
                                                                  "key": "string",
                                                                  "operator": "string",
                                                                  "values": [
                                                                    "list",
                                                                    "string"
                                                                  ]
                                                                }
                                                              ]
                                                            ],
                                                            "matchLabels": [
                                                              "map",
                                                              "string"
                                                            ]
                                                          }
                                                        ],
                                                        "namespaces": [
                                                          "list",
                                                          "string"
                                                        ],
                                                        "topologyKey": "string"
                                                      }
                                                    ]
                                                  ]
                                                }
                                              ]
                                            }
                                          ],
                                          "automountServiceAccountToken": "bool",
                                          "containers": [
                                            "list",
                                            [
                                              "object",
                                              {
                                                "args": [
                                                  "list",
                                                  "string"
                                                ],
                                                "command": [
                                                  "list",
                                                  "string"
                                                ],
                                                "env": [
                                                  "list",
                                                  [
                                                    "object",
                                                    {
                                                      "name": "string",
                                                      "value": "string",
                                                      "valueFrom": [
                                                        "object",
                                                        {
                                                          "configMapKeyRef": [
                                                            "object",
                                                            {
                                                              "key": "string",
                                                              "name": "string",
                                                              "optional": "bool"
                                                            }
                                                          ],
                                                          "fieldRef": [
                                                            "object",
                                                            {
                                                              "apiVersion": "string",
                                                              "fieldPath": "string"
                                                            }
                                                          ],
                                                          "resourceFieldRef": [
                                                            "object",
                                                            {
                                                              "containerName": "string",
                                                              "divisor": "string",
                                                              "resource": "string"
                                                            }
                                                          ],
                                                          "secretKeyRef": [
                                                            "object",
                                                            {
                                                              "key": "string",
                                                              "name": "string",
                                                              "optional": "bool"
                                                            }
                                                          ]
                                                        }
                                                      ]
                                                    }
                                                  ]
                                                ],
                                                "envFrom": [
                                                  "list",
                                                  [
                                                    "object",
                                                    {
                                                      "configMapRef": [
                                                        "object",
                                                        {
                                                          "name": "string",
                                                          "optional": "bool"
                                                        }
                                                      ],
                                                      "prefix": "string",
                                                      "secretRef": [
                                                        "object",
                                                        {
                                                          "name": "string",
                                                          "optional": "bool"
                                                        }
                                                      ]
                                                    }
                                                  ]
                                                ],
                                                "image": "string",
                                                "imagePullPolicy": "string",
                                                "lifecycle": [
                                                  "object",
                                                  {
                                                    "postStart": [
                                                      "object",
                                                      {
                                                        "exec": [
                                                          "object",
                                                          {
                                                            "command": [
                                                              "list",
                                                              "string"
                                                            ]
                                                          }
                                                        ],
                                                        "httpGet": [
                                                          "object",
                                                          {
                                                            "host": "string",
                                                            "httpHeaders": [
                                                              "list",
                                                              [
                                                                "object",
                                                                {
                                                                  "name": "string",
                                                                  "value": "string"
                                                                }
                                                              ]
                                                            ],
                                                            "path": "string",
                                                            "port": "string",
                                                            "scheme": "string"
                                                          }
                                                        ],
                                                        "tcpSocket": [
                                                          "object",
                                                          {
                                                            "host": "string",
                                                            "port": "string"
                                                          }
                                                        ]
                                                      }
                                                    ],
                                                    "preStop": [
                                                      "object",
                                                      {
                                                        "exec": [
                                                          "object",
                                                          {
                                                            "command": [
                                                              "list",
                                                              "string"
                                                            ]
                                                          }
                                                        ],
                                                        "httpGet": [
                                                          "object",
                                                          {
                                                            "host": "string",
                                                            "httpHeaders": [
                                                              "list",
                                                              [
                                                                "object",
                                                                {
                                                                  "name": "string",
                                                                  "value": "string"
                                                                }
                                                              ]
                                                            ],
                                                            "path": "string",
                                                            "port": "string",
                                                            "scheme": "string"
                                                          }
                                                        ],
                                                        "tcpSocket": [
                                                          "object",
                                                          {
                                                            "host": "string",
                                                            "port": "string"
                                                          }
                                                        ]
                                                      }
                                                    ]
                                                  }
                                                ],
                                                "livenessProbe": [
                                                  "object",
                                                  {
                                                    "exec": [
                                                      "object",
                                                      {
                                                        "command": [
                                                          "list",
                                                          "string"
                                                        ]
                                                      }
                                                    ],
                                                    "failureThreshold": "number",
                                                    "grpc": [
                                                      "object",
                                                      {
                                                        "port": "number",
                                                        "service": "string"
                                                      }
                                                    ],
                                                    "httpGet": [
                                                      "object",
                                                      {
                                                        "host": "string",
                                                        "httpHeaders": [
                                                          "list",
                                                          [
                                                            "object",
                                                            {
                                                              "name": "string",
                                                              "value": "string"
                                                            }
                                                          ]
                                                        ],
                                                        "path": "string",
                                                        "port": "string",
                                                        "scheme": "string"
                                                      }
                                                    ],
                                                    "initialDelaySeconds": "number",
                                                    "periodSeconds": "number",
                                                    "successThreshold": "number",
                                                    "tcpSocket": [
                                                      "object",
                                                      {
                                                        "host": "string",
                                                        "port": "string"
                                                      }
                                                    ],
                                                    "terminationGracePeriodSeconds": "number",
                                                    "timeoutSeconds": "number"
                                                  }
                                                ],
                                                "name": "string",
                                                "ports": [
                                                  "list",
                                                  [
                                                    "object",
                                                    {
                                                      "containerPort": "number",
                                                      "hostIP": "string",
                                                      "hostPort": "number",
                                                      "name": "string",
                                                      "protocol": "string"
                                                    }
                                                  ]
                                                ],
                                                "readinessProbe": [
                                                  "object",
                                                  {
                                                    "exec": [
                                                      "object",
                                                      {
                                                        "command": [
                                                          "list",
                                                          "string"
                                                        ]
                                                      }
                                                    ],
                                                    "failureThreshold": "number",
                                                    "grpc": [
                                                      "object",
                                                      {
                                                        "port": "number",
                                                        "service": "string"
                                                      }
                                                    ],
                                                    "httpGet": [
                                                      "object",
                                                      {
                                                        "host": "string",
                                                        "httpHeaders": [
                                                          "list",
                                                          [
                                                            "object",
                                                            {
                                                              "name": "string",
                                                              "value": "string"
                                                            }
                                                          ]
                                                        ],
                                                        "path": "string",
                                                        "port": "string",
                                                        "scheme": "string"
                                                      }
                                                    ],
                                                    "initialDelaySeconds": "number",
                                                    "periodSeconds": "number",
                                                    "successThreshold": "number",
                                                    "tcpSocket": [
                                                      "object",
                                                      {
                                                        "host": "string",
                                                        "port": "string"
                                                      }
                                                    ],
                                                    "terminationGracePeriodSeconds": "number",
                                                    "timeoutSeconds": "number"
                                                  }
                                                ],
                                                "resources": [
                                                  "object",
                                                  {
                                                    "claims": [
                                                      "list",
                                                      [
                                                        "object",
                                                        {
                                                          "name": "string"
                                                        }
                                                      ]
                                                    ],
                                                    "limits": [
                                                      "map",
                                                      "string"
                                                    ],
                                                    "requests": [
                                                      "map",
                                                      "string"
                                                    ]
                                                  }
                                                ],
                                                "securityContext": [
                                                  "object",
                                                  {
                                                    "allowPrivilegeEscalation": "bool",
                                                    "capabilities": [
                                                      "object",
                                                      {
                                                        "add": [
                                                          "list",
                                                          "string"
                                                        ],
                                                        "drop": [
                                                          "list",
                                                          "string"
                                                        ]
                                                      }
                                                    ],
                                                    "privileged": "bool",
                                                    "procMount": "string",
                                                    "readOnlyRootFilesystem": "bool",
                                                    "runAsGroup": "number",
                                                    "runAsNonRoot": "bool",
                                                    "runAsUser": "number",
                                                    "seLinuxOptions": [
                                                      "object",
                                                      {
                                                        "level": "string",
                                                        "role": "string",
                                                        "type": "string",
                                                        "user": "string"
                                                      }
                                                    ],
                                                    "seccompProfile": [
                                                      "object",
                                                      {
                                                        "localhostProfile": "string",
                                                        "type": "string"
                                                      }
                                                    ],
                                                    "windowsOptions": [
                                                      "object",
                                                      {
                                                        "gmsaCredentialSpec": "string",
                                                        "gmsaCredentialSpecName": "string",
                                                        "hostProcess": "bool",
                                                        "runAsUserName": "string"
                                                      }
                                                    ]
                                                  }
                                                ],
                                                "startupProbe": [
                                                  "object",
                                                  {
                                                    "exec": [
                                                      "object",
                                                      {
                                                        "command": [
                                                          "list",
                                                          "string"
                                                        ]
                                                      }
                                                    ],
                                                    "failureThreshold": "number",
                                                    "grpc": [
                                                      "object",
                                                      {
                                                        "port": "number",
                                                        "service": "string"
                                                      }
                                                    ],
                                                    "httpGet": [
                                                      "object",
                                                      {
                                                        "host": "string",
                                                        "httpHeaders": [
                                                          "list",
                                                          [
                                                            "object",
                                                            {
                                                              "name": "string",
                                                              "value": "string"
                                                            }
                                                          ]
                                                        ],
                                                        "path": "string",
                                                        "port": "string",
                                                        "scheme": "string"
                                                      }
                                                    ],
                                                    "initialDelaySeconds": "number",
                                                    "periodSeconds": "number",
                                                    "successThreshold": "number",
                                                    "tcpSocket": [
                                                      "object",
                                                      {
                                                        "host": "string",
                                                        "port": "string"
                                                      }
                                                    ],
                                                    "terminationGracePeriodSeconds": "number",
                                                    "timeoutSeconds": "number"
                                                  }
                                                ],
                                                "stdin": "bool",
                                                "stdinOnce": "bool",
                                                "terminationMessagePath": "string",
                                                "terminationMessagePolicy": "string",
                                                "tty": "bool",
                                                "volumeDevices": [
                                                  "list",
                                                  [
                                                    "object",
                                                    {
                                                      "devicePath": "string",
                                                      "name": "string"
                                                    }
                                                  ]
                                                ],
                                                "volumeMounts": [
                                                  "list",
                                                  [
                                                    "object",
                                                    {
                                                      "mountPath": "string",
                                                      "mountPropagation": "string",
                                                      "name": "string",
                                                      "readOnly": "bool",
                                                      "subPath": "string",
                                                      "subPathExpr": "string"
                                                    }
                                                  ]
                                                ],
                                                "workingDir": "string"
                                              }
                                            ]
                                          ],
                                          "dnsConfig": [
                                            "object",
                                            {
                                              "nameservers": [
                                                "list",
                                                "string"
                                              ],
                                              "options": [
                                                "list",
                                                [
                                                  "object",
                                                  {
                                                    "name": "string",
                                                    "value": "string"
                                                  }
                                                ]
                                              ],
                                              "searches": [
                                                "list",
                                                "string"
                                              ]
                                            }
                                          ],
                                          "dnsPolicy": "string",
                                          "enableServiceLinks": "bool",
                                          "ephemeralContainers": [
                                            "list",
                                            [
                                              "object",
                                              {
                                                "args": [
                                                  "list",
                                                  "string"
                                                ],
                                                "command": [
                                                  "list",
                                                  "string"
                                                ],
                                                "env": [
                                                  "list",
                                                  [
                                                    "object",
                                                    {
                                                      "name": "string",
                                                      "value": "string",
                                                      "valueFrom": [
                                                        "object",
                                                        {
                                                          "configMapKeyRef": [
                                                            "object",
                                                            {
                                                              "key": "string",
                                                              "name": "string",
                                                              "optional": "bool"
                                                            }
                                                          ],
                                                          "fieldRef": [
                                                            "object",
                                                            {
                                                              "apiVersion": "string",
                                                              "fieldPath": "string"
                                                            }
                                                          ],
                                                          "resourceFieldRef": [
                                                            "object",
                                                            {
                                                              "containerName": "string",
                                                              "divisor": "string",
                                                              "resource": "string"
                                                            }
                                                          ],
                                                          "secretKeyRef": [
                                                            "object",
                                                            {
                                                              "key": "string",
                                                              "name": "string",
                                                              "optional": "bool"
                                                            }
                                                          ]
                                                        }
                                                      ]
                                                    }
                                                  ]
                                                ],
                                                "envFrom": [
                                                  "list",
                                                  [
                                                    "object",
                                                    {
                                                      "configMapRef": [
                                                        "object",
                                                        {
                                                          "name": "string",
                                                          "optional": "bool"
                                                        }
                                                      ],
                                                      "prefix": "string",
                                                      "secretRef": [
                                                        "object",
                                                        {
                                                          "name": "string",
                                                          "optional": "bool"
                                                        }
                                                      ]
                                                    }
                                                  ]
                                                ],
                                                "image": "string",
                                                "imagePullPolicy": "string",
                                                "lifecycle": [
                                                  "object",
                                                  {
                                                    "postStart": [
                                                      "object",
                                                      {
                                                        "exec": [
                                                          "object",
                                                          {
                                                            "command": [
                                                              "list",
                                                              "string"
                                                            ]
                                                          }
                                                        ],
                                                        "httpGet": [
                                                          "object",
                                                          {
                                                            "host": "string",
                                                            "httpHeaders": [
                                                              "list",
                                                              [
                                                                "object",
                                                                {
                                                                  "name": "string",
                                                                  "value": "string"
                                                                }
                                                              ]
                                                            ],
                                                            "path": "string",
                                                            "port": "string",
                                                            "scheme": "string"
                                                          }
                                                        ],
                                                        "tcpSocket": [
                                                          "object",
                                                          {
                                                            "host": "string",
                                                            "port": "string"
                                                          }
                                                        ]
                                                      }
                                                    ],
                                                    "preStop": [
                                                      "object",
                                                      {
                                                        "exec": [
                                                          "object",
                                                          {
                                                            "command": [
                                                              "list",
                                                              "string"
                                                            ]
                                                          }
                                                        ],
                                                        "httpGet": [
                                                          "object",
                                                          {
                                                            "host": "string",
                                                            "httpHeaders": [
                                                              "list",
                                                              [
                                                                "object",
                                                                {
                                                                  "name": "string",
                                                                  "value": "string"
                                                                }
                                                              ]
                                                            ],
                                                            "path": "string",
                                                            "port": "string",
                                                            "scheme": "string"
                                                          }
                                                        ],
                                                        "tcpSocket": [
                                                          "object",
                                                          {
                                                            "host": "string",
                                                            "port": "string"
                                                          }
                                                        ]
                                                      }
                                                    ]
                                                  }
                                                ],
                                                "livenessProbe": [
                                                  "object",
                                                  {
                                                    "exec": [
                                                      "object",
                                                      {
                                                        "command": [
                                                          "list",
                                                          "string"
                                                        ]
                                                      }
                                                    ],
                                                    "failureThreshold": "number",
                                                    "grpc": [
                                                      "object",
                                                      {
                                                        "port": "number",
                                                        "service": "string"
                                                      }
                                                    ],
                                                    "httpGet": [
                                                      "object",
                                                      {
                                                        "host": "string",
                                                        "httpHeaders": [
                                                          "list",
                                                          [
                                                            "object",
                                                            {
                                                              "name": "string",
                                                              "value": "string"
                                                            }
                                                          ]
                                                        ],
                                                        "path": "string",
                                                        "port": "string",
                                                        "scheme": "string"
                                                      }
                                                    ],
                                                    "initialDelaySeconds": "number",
                                                    "periodSeconds": "number",
                                                    "successThreshold": "number",
                                                    "tcpSocket": [
                                                      "object",
                                                      {
                                                        "host": "string",
                                                        "port": "string"
                                                      }
                                                    ],
                                                    "terminationGracePeriodSeconds": "number",
                                                    "timeoutSeconds": "number"
                                                  }
                                                ],
                                                "name": "string",
                                                "ports": [
                                                  "list",
                                                  [
                                                    "object",
                                                    {
                                                      "containerPort": "number",
                                                      "hostIP": "string",
                                                      "hostPort": "number",
                                                      "name": "string",
                                                      "protocol": "string"
                                                    }
                                                  ]
                                                ],
                                                "readinessProbe": [
                                                  "object",
                                                  {
                                                    "exec": [
                                                      "object",
                                                      {
                                                        "command": [
                                                          "list",
                                                          "string"
                                                        ]
                                                      }
                                                    ],
                                                    "failureThreshold": "number",
                                                    "grpc": [
                                                      "object",
                                                      {
                                                        "port": "number",
                                                        "service": "string"
                                                      }
                                                    ],
                                                    "httpGet": [
                                                      "object",
                                                      {
                                                        "host": "string",
                                                        "httpHeaders": [
                                                          "list",
                                                          [
                                                            "object",
                                                            {
                                                              "name": "string",
                                                              "value": "string"
                                                            }
                                                          ]
                                                        ],
                                                        "path": "string",
                                                        "port": "string",
                                                        "scheme": "string"
                                                      }
                                                    ],
                                                    "initialDelaySeconds": "number",
                                                    "periodSeconds": "number",
                                                    "successThreshold": "number",
                                                    "tcpSocket": [
                                                      "object",
                                                      {
                                                        "host": "string",
                                                        "port": "string"
                                                      }
                                                    ],
                                                    "terminationGracePeriodSeconds": "number",
                                                    "timeoutSeconds": "number"
                                                  }
                                                ],
                                                "resources": [
                                                  "object",
                                                  {
                                                    "claims": [
                                                      "list",
                                                      [
                                                        "object",
                                                        {
                                                          "name": "string"
                                                        }
                                                      ]
                                                    ],
                                                    "limits": [
                                                      "map",
                                                      "string"
                                                    ],
                                                    "requests": [
                                                      "map",
                                                      "string"
                                                    ]
                                                  }
                                                ],
                                                "securityContext": [
                                                  "object",
                                                  {
                                                    "allowPrivilegeEscalation": "bool",
                                                    "capabilities": [
                                                      "object",
                                                      {
                                                        "add": [
                                                          "list",
                                                          "string"
                                                        ],
                                                        "drop": [
                                                          "list",
                                                          "string"
                                                        ]
                                                      }
                                                    ],
                                                    "privileged": "bool",
                                                    "procMount": "string",
                                                    "readOnlyRootFilesystem": "bool",
                                                    "runAsGroup": "number",
                                                    "runAsNonRoot": "bool",
                                                    "runAsUser": "number",
                                                    "seLinuxOptions": [
                                                      "object",
                                                      {
                                                        "level": "string",
                                                        "role": "string",
                                                        "type": "string",
                                                        "user": "string"
                                                      }
                                                    ],
                                                    "seccompProfile": [
                                                      "object",
                                                      {
                                                        "localhostProfile": "string",
                                                        "type": "string"
                                                      }
                                                    ],
                                                    "windowsOptions": [
                                                      "object",
                                                      {
                                                        "gmsaCredentialSpec": "string",
                                                        "gmsaCredentialSpecName": "string",
                                                        "hostProcess": "bool",
                                                        "runAsUserName": "string"
                                                      }
                                                    ]
                                                  }
                                                ],
                                                "startupProbe": [
                                                  "object",
                                                  {
                                                    "exec": [
                                                      "object",
                                                      {
                                                        "command": [
                                                          "list",
                                                          "string"
                                                        ]
                                                      }
                                                    ],
                                                    "failureThreshold": "number",
                                                    "grpc": [
                                                      "object",
                                                      {
                                                        "port": "number",
                                                        "service": "string"
                                                      }
                                                    ],
                                                    "httpGet": [
                                                      "object",
                                                      {
                                                        "host": "string",
                                                        "httpHeaders": [
                                                          "list",
                                                          [
                                                            "object",
                                                            {
                                                              "name": "string",
                                                              "value": "string"
                                                            }
                                                          ]
                                                        ],
                                                        "path": "string",
                                                        "port": "string",
                                                        "scheme": "string"
                                                      }
                                                    ],
                                                    "initialDelaySeconds": "number",
                                                    "periodSeconds": "number",
                                                    "successThreshold": "number",
                                                    "tcpSocket": [
                                                      "object",
                                                      {
                                                        "host": "string",
                                                        "port": "string"
                                                      }
                                                    ],
                                                    "terminationGracePeriodSeconds": "number",
                                                    "timeoutSeconds": "number"
                                                  }
                                                ],
                                                "stdin": "bool",
                                                "stdinOnce": "bool",
                                                "targetContainerName": "string",
                                                "terminationMessagePath": "string",
                                                "terminationMessagePolicy": "string",
                                                "tty": "bool",
                                                "volumeDevices": [
                                                  "list",
                                                  [
                                                    "object",
                                                    {
                                                      "devicePath": "string",
                                                      "name": "string"
                                                    }
                                                  ]
                                                ],
                                                "volumeMounts": [
                                                  "list",
                                                  [
                                                    "object",
                                                    {
                                                      "mountPath": "string",
                                                      "mountPropagation": "string",
                                                      "name": "string",
                                                      "readOnly": "bool",
                                                      "subPath": "string",
                                                      "subPathExpr": "string"
                                                    }
                                                  ]
                                                ],
                                                "workingDir": "string"
                                              }
                                            ]
                                          ],
                                          "hostAliases": [
                                            "list",
                                            [
                                              "object",
                                              {
                                                "hostnames": [
                                                  "list",
                                                  "string"
                                                ],
                                                "ip": "string"
                                              }
                                            ]
                                          ],
                                          "hostIPC": "bool",
                                          "hostNetwork": "bool",
                                          "hostPID": "bool",
                                          "hostUsers": "bool",
                                          "hostname": "string",
                                          "imagePullSecrets": [
                                            "list",
                                            [
                                              "object",
                                              {
                                                "name": "string"
                                              }
                                            ]
                                          ],
                                          "initContainers": [
                                            "list",
                                            [
                                              "object",
                                              {
                                                "args": [
                                                  "list",
                                                  "string"
                                                ],
                                                "command": [
                                                  "list",
                                                  "string"
                                                ],
                                                "env": [
                                                  "list",
                                                  [
                                                    "object",
                                                    {
                                                      "name": "string",
                                                      "value": "string",
                                                      "valueFrom": [
                                                        "object",
                                                        {
                                                          "configMapKeyRef": [
                                                            "object",
                                                            {
                                                              "key": "string",
                                                              "name": "string",
                                                              "optional": "bool"
                                                            }
                                                          ],
                                                          "fieldRef": [
                                                            "object",
                                                            {
                                                              "apiVersion": "string",
                                                              "fieldPath": "string"
                                                            }
                                                          ],
                                                          "resourceFieldRef": [
                                                            "object",
                                                            {
                                                              "containerName": "string",
                                                              "divisor": "string",
                                                              "resource": "string"
                                                            }
                                                          ],
                                                          "secretKeyRef": [
                                                            "object",
                                                            {
                                                              "key": "string",
                                                              "name": "string",
                                                              "optional": "bool"
                                                            }
                                                          ]
                                                        }
                                                      ]
                                                    }
                                                  ]
                                                ],
                                                "envFrom": [
                                                  "list",
                                                  [
                                                    "object",
                                                    {
                                                      "configMapRef": [
                                                        "object",
                                                        {
                                                          "name": "string",
                                                          "optional": "bool"
                                                        }
                                                      ],
                                                      "prefix": "string",
                                                      "secretRef": [
                                                        "object",
                                                        {
                                                          "name": "string",
                                                          "optional": "bool"
                                                        }
                                                      ]
                                                    }
                                                  ]
                                                ],
                                                "image": "string",
                                                "imagePullPolicy": "string",
                                                "lifecycle": [
                                                  "object",
                                                  {
                                                    "postStart": [
                                                      "object",
                                                      {
                                                        "exec": [
                                                          "object",
                                                          {
                                                            "command": [
                                                              "list",
                                                              "string"
                                                            ]
                                                          }
                                                        ],
                                                        "httpGet": [
                                                          "object",
                                                          {
                                                            "host": "string",
                                                            "httpHeaders": [
                                                              "list",
                                                              [
                                                                "object",
                                                                {
                                                                  "name": "string",
                                                                  "value": "string"
                                                                }
                                                              ]
                                                            ],
                                                            "path": "string",
                                                            "port": "string",
                                                            "scheme": "string"
                                                          }
                                                        ],
                                                        "tcpSocket": [
                                                          "object",
                                                          {
                                                            "host": "string",
                                                            "port": "string"
                                                          }
                                                        ]
                                                      }
                                                    ],
                                                    "preStop": [
                                                      "object",
                                                      {
                                                        "exec": [
                                                          "object",
                                                          {
                                                            "command": [
                                                              "list",
                                                              "string"
                                                            ]
                                                          }
                                                        ],
                                                        "httpGet": [
                                                          "object",
                                                          {
                                                            "host": "string",
                                                            "httpHeaders": [
                                                              "list",
                                                              [
                                                                "object",
                                                                {
                                                                  "name": "string",
                                                                  "value": "string"
                                                                }
                                                              ]
                                                            ],
                                                            "path": "string",
                                                            "port": "string",
                                                            "scheme": "string"
                                                          }
                                                        ],
                                                        "tcpSocket": [
                                                          "object",
                                                          {
                                                            "host": "string",
                                                            "port": "string"
                                                          }
                                                        ]
                                                      }
                                                    ]
                                                  }
                                                ],
                                                "livenessProbe": [
                                                  "object",
                                                  {
                                                    "exec": [
                                                      "object",
                                                      {
                                                        "command": [
                                                          "list",
                                                          "string"
                                                        ]
                                                      }
                                                    ],
                                                    "failureThreshold": "number",
                                                    "grpc": [
                                                      "object",
                                                      {
                                                        "port": "number",
                                                        "service": "string"
                                                      }
                                                    ],
                                                    "httpGet": [
                                                      "object",
                                                      {
                                                        "host": "string",
                                                        "httpHeaders": [
                                                          "list",
                                                          [
                                                            "object",
                                                            {
                                                              "name": "string",
                                                              "value": "string"
                                                            }
                                                          ]
                                                        ],
                                                        "path": "string",
                                                        "port": "string",
                                                        "scheme": "string"
                                                      }
                                                    ],
                                                    "initialDelaySeconds": "number",
                                                    "periodSeconds": "number",
                                                    "successThreshold": "number",
                                                    "tcpSocket": [
                                                      "object",
                                                      {
                                                        "host": "string",
                                                        "port": "string"
                                                      }
                                                    ],
                                                    "terminationGracePeriodSeconds": "number",
                                                    "timeoutSeconds": "number"
                                                  }
                                                ],
                                                "name": "string",
                                                "ports": [
                                                  "list",
                                                  [
                                                    "object",
                                                    {
                                                      "containerPort": "number",
                                                      "hostIP": "string",
                                                      "hostPort": "number",
                                                      "name": "string",
                                                      "protocol": "string"
                                                    }
                                                  ]
                                                ],
                                                "readinessProbe": [
                                                  "object",
                                                  {
                                                    "exec": [
                                                      "object",
                                                      {
                                                        "command": [
                                                          "list",
                                                          "string"
                                                        ]
                                                      }
                                                    ],
                                                    "failureThreshold": "number",
                                                    "grpc": [
                                                      "object",
                                                      {
                                                        "port": "number",
                                                        "service": "string"
                                                      }
                                                    ],
                                                    "httpGet": [
                                                      "object",
                                                      {
                                                        "host": "string",
                                                        "httpHeaders": [
                                                          "list",
                                                          [
                                                            "object",
                                                            {
                                                              "name": "string",
                                                              "value": "string"
                                                            }
                                                          ]
                                                        ],
                                                        "path": "string",
                                                        "port": "string",
                                                        "scheme": "string"
                                                      }
                                                    ],
                                                    "initialDelaySeconds": "number",
                                                    "periodSeconds": "number",
                                                    "successThreshold": "number",
                                                    "tcpSocket": [
                                                      "object",
                                                      {
                                                        "host": "string",
                                                        "port": "string"
                                                      }
                                                    ],
                                                    "terminationGracePeriodSeconds": "number",
                                                    "timeoutSeconds": "number"
                                                  }
                                                ],
                                                "resources": [
                                                  "object",
                                                  {
                                                    "claims": [
                                                      "list",
                                                      [
                                                        "object",
                                                        {
                                                          "name": "string"
                                                        }
                                                      ]
                                                    ],
                                                    "limits": [
                                                      "map",
                                                      "string"
                                                    ],
                                                    "requests": [
                                                      "map",
                                                      "string"
                                                    ]
                                                  }
                                                ],
                                                "securityContext": [
                                                  "object",
                                                  {
                                                    "allowPrivilegeEscalation": "bool",
                                                    "capabilities": [
                                                      "object",
                                                      {
                                                        "add": [
                                                          "list",
                                                          "string"
                                                        ],
                                                        "drop": [
                                                          "list",
                                                          "string"
                                                        ]
                                                      }
                                                    ],
                                                    "privileged": "bool",
                                                    "procMount": "string",
                                                    "readOnlyRootFilesystem": "bool",
                                                    "runAsGroup": "number",
                                                    "runAsNonRoot": "bool",
                                                    "runAsUser": "number",
                                                    "seLinuxOptions": [
                                                      "object",
                                                      {
                                                        "level": "string",
                                                        "role": "string",
                                                        "type": "string",
                                                        "user": "string"
                                                      }
                                                    ],
                                                    "seccompProfile": [
                                                      "object",
                                                      {
                                                        "localhostProfile": "string",
                                                        "type": "string"
                                                      }
                                                    ],
                                                    "windowsOptions": [
                                                      "object",
                                                      {
                                                        "gmsaCredentialSpec": "string",
                                                        "gmsaCredentialSpecName": "string",
                                                        "hostProcess": "bool",
                                                        "runAsUserName": "string"
                                                      }
                                                    ]
                                                  }
                                                ],
                                                "startupProbe": [
                                                  "object",
                                                  {
                                                    "exec": [
                                                      "object",
                                                      {
                                                        "command": [
                                                          "list",
                                                          "string"
                                                        ]
                                                      }
                                                    ],
                                                    "failureThreshold": "number",
                                                    "grpc": [
                                                      "object",
                                                      {
                                                        "port": "number",
                                                        "service": "string"
                                                      }
                                                    ],
                                                    "httpGet": [
                                                      "object",
                                                      {
                                                        "host": "string",
                                                        "httpHeaders": [
                                                          "list",
                                                          [
                                                            "object",
                                                            {
                                                              "name": "string",
                                                              "value": "string"
                                                            }
                                                          ]
                                                        ],
                                                        "path": "string",
                                                        "port": "string",
                                                        "scheme": "string"
                                                      }
                                                    ],
                                                    "initialDelaySeconds": "number",
                                                    "periodSeconds": "number",
                                                    "successThreshold": "number",
                                                    "tcpSocket": [
                                                      "object",
                                                      {
                                                        "host": "string",
                                                        "port": "string"
                                                      }
                                                    ],
                                                    "terminationGracePeriodSeconds": "number",
                                                    "timeoutSeconds": "number"
                                                  }
                                                ],
                                                "stdin": "bool",
                                                "stdinOnce": "bool",
                                                "terminationMessagePath": "string",
                                                "terminationMessagePolicy": "string",
                                                "tty": "bool",
                                                "volumeDevices": [
                                                  "list",
                                                  [
                                                    "object",
                                                    {
                                                      "devicePath": "string",
                                                      "name": "string"
                                                    }
                                                  ]
                                                ],
                                                "volumeMounts": [
                                                  "list",
                                                  [
                                                    "object",
                                                    {
                                                      "mountPath": "string",
                                                      "mountPropagation": "string",
                                                      "name": "string",
                                                      "readOnly": "bool",
                                                      "subPath": "string",
                                                      "subPathExpr": "string"
                                                    }
                                                  ]
                                                ],
                                                "workingDir": "string"
                                              }
                                            ]
                                          ],
                                          "nodeName": "string",
                                          "nodeSelector": [
                                            "map",
                                            "string"
                                          ],
                                          "os": [
                                            "object",
                                            {
                                              "name": "string"
                                            }
                                          ],
                                          "overhead": [
                                            "map",
                                            "string"
                                          ],
                                          "preemptionPolicy": "string",
                                          "priority": "number",
                                          "priorityClassName": "string",
                                          "readinessGates": [
                                            "list",
                                            [
                                              "object",
                                              {
                                                "conditionType": "string"
                                              }
                                            ]
                                          ],
                                          "resourceClaims": [
                                            "list",
                                            [
                                              "object",
                                              {
                                                "name": "string",
                                                "source": [
                                                  "object",
                                                  {
                                                    "resourceClaimName": "string",
                                                    "resourceClaimTemplateName": "string"
                                                  }
                                                ]
                                              }
                                            ]
                                          ],
                                          "restartPolicy": "string",
                                          "runtimeClassName": "string",
                                          "schedulerName": "string",
                                          "schedulingGates": [
                                            "list",
                                            [
                                              "object",
                                              {
                                                "name": "string"
                                              }
                                            ]
                                          ],
                                          "securityContext": [
                                            "object",
                                            {
                                              "fsGroup": "number",
                                              "fsGroupChangePolicy": "string",
                                              "runAsGroup": "number",
                                              "runAsNonRoot": "bool",
                                              "runAsUser": "number",
                                              "seLinuxOptions": [
                                                "object",
                                                {
                                                  "level": "string",
                                                  "role": "string",
                                                  "type": "string",
                                                  "user": "string"
                                                }
                                              ],
                                              "seccompProfile": [
                                                "object",
                                                {
                                                  "localhostProfile": "string",
                                                  "type": "string"
                                                }
                                              ],
                                              "supplementalGroups": [
                                                "list",
                                                "number"
                                              ],
                                              "sysctls": [
                                                "list",
                                                [
                                                  "object",
                                                  {
                                                    "name": "string",
                                                    "value": "string"
                                                  }
                                                ]
                                              ],
                                              "windowsOptions": [
                                                "object",
                                                {
                                                  "gmsaCredentialSpec": "string",
                                                  "gmsaCredentialSpecName": "string",
                                                  "hostProcess": "bool",
                                                  "runAsUserName": "string"
                                                }
                                              ]
                                            }
                                          ],
                                          "serviceAccount": "string",
                                          "serviceAccountName": "string",
                                          "setHostnameAsFQDN": "bool",
                                          "shareProcessNamespace": "bool",
                                          "subdomain": "string",
                                          "terminationGracePeriodSeconds": "number",
                                          "tolerations": [
                                            "list",
                                            [
                                              "object",
                                              {
                                                "effect": "string",
                                                "key": "string",
                                                "operator": "string",
                                                "tolerationSeconds": "number",
                                                "value": "string"
                                              }
                                            ]
                                          ],
                                          "topologySpreadConstraints": [
                                            "list",
                                            [
                                              "object",
                                              {
                                                "labelSelector": [
                                                  "object",
                                                  {
                                                    "matchExpressions": [
                                                      "list",
                                                      [
                                                        "object",
                                                        {
                                                          "key": "string",
                                                          "operator": "string",
                                                          "values": [
                                                            "list",
                                                            "string"
                                                          ]
                                                        }
                                                      ]
                                                    ],
                                                    "matchLabels": [
                                                      "map",
                                                      "string"
                                                    ]
                                                  }
                                                ],
                                                "matchLabelKeys": [
                                                  "list",
                                                  "string"
                                                ],
                                                "maxSkew": "number",
                                                "minDomains": "number",
                                                "nodeAffinityPolicy": "string",
                                                "nodeTaintsPolicy": "string",
                                                "topologyKey": "string",
                                                "whenUnsatisfiable": "string"
                                              }
                                            ]
                                          ],
                                          "volumes": [
                                            "tuple",
                                            [
                                              [
                                                "object",
                                                {
                                                  "awsElasticBlockStore": [
                                                    "object",
                                                    {
                                                      "fsType": "string",
                                                      "partition": "number",
                                                      "readOnly": "bool",
                                                      "volumeID": "string"
                                                    }
                                                  ],
                                                  "azureDisk": [
                                                    "object",
                                                    {
                                                      "cachingMode": "string",
                                                      "diskName": "string",
                                                      "diskURI": "string",
                                                      "fsType": "string",
                                                      "kind": "string",
                                                      "readOnly": "bool"
                                                    }
                                                  ],
                                                  "azureFile": [
                                                    "object",
                                                    {
                                                      "readOnly": "bool",
                                                      "secretName": "string",
                                                      "shareName": "string"
                                                    }
                                                  ],
                                                  "cephfs": [
                                                    "object",
                                                    {
                                                      "monitors": [
                                                        "list",
                                                        "string"
                                                      ],
                                                      "path": "string",
                                                      "readOnly": "bool",
                                                      "secretFile": "string",
                                                      "secretRef": [
                                                        "object",
                                                        {
                                                          "name": "string"
                                                        }
                                                      ],
                                                      "user": "string"
                                                    }
                                                  ],
                                                  "cinder": [
                                                    "object",
                                                    {
                                                      "fsType": "string",
                                                      "readOnly": "bool",
                                                      "secretRef": [
                                                        "object",
                                                        {
                                                          "name": "string"
                                                        }
                                                      ],
                                                      "volumeID": "string"
                                                    }
                                                  ],
                                                  "configMap": [
                                                    "object",
                                                    {
                                                      "defaultMode": "number",
                                                      "items": [
                                                        "list",
                                                        [
                                                          "object",
                                                          {
                                                            "key": "string",
                                                            "mode": "number",
                                                            "path": "string"
                                                          }
                                                        ]
                                                      ],
                                                      "name": "string",
                                                      "optional": "bool"
                                                    }
                                                  ],
                                                  "csi": [
                                                    "object",
                                                    {
                                                      "driver": "string",
                                                      "fsType": "string",
                                                      "nodePublishSecretRef": [
                                                        "object",
                                                        {
                                                          "name": "string"
                                                        }
                                                      ],
                                                      "readOnly": "bool",
                                                      "volumeAttributes": [
                                                        "map",
                                                        "string"
                                                      ]
                                                    }
                                                  ],
                                                  "downwardAPI": [
                                                    "object",
                                                    {
                                                      "defaultMode": "number",
                                                      "items": [
                                                        "list",
                                                        [
                                                          "object",
                                                          {
                                                            "fieldRef": [
                                                              "object",
                                                              {
                                                                "apiVersion": "string",
                                                                "fieldPath": "string"
                                                              }
                                                            ],
                                                            "mode": "number",
                                                            "path": "string",
                                                            "resourceFieldRef": [
                                                              "object",
                                                              {
                                                                "containerName": "string",
                                                                "divisor": "string",
                                                                "resource": "string"
                                                              }
                                                            ]
                                                          }
                                                        ]
                                                      ]
                                                    }
                                                  ],
                                                  "emptyDir": [
                                                    "object",
                                                    {
                                                      "medium": "string",
                                                      "sizeLimit": "string"
                                                    }
                                                  ],
                                                  "ephemeral": [
                                                    "object",
                                                    {
                                                      "volumeClaimTemplate": [
                                                        "object",
                                                        {
                                                          "metadata": "dynamic",
                                                          "spec": [
                                                            "object",
                                                            {
                                                              "accessModes": [
                                                                "list",
                                                                "string"
                                                              ],
                                                              "dataSource": [
                                                                "object",
                                                                {
                                                                  "apiGroup": "string",
                                                                  "kind": "string",
                                                                  "name": "string"
                                                                }
                                                              ],
                                                              "dataSourceRef": [
                                                                "object",
                                                                {
                                                                  "apiGroup": "string",
                                                                  "kind": "string",
                                                                  "name": "string",
                                                                  "namespace": "string"
                                                                }
                                                              ],
                                                              "resources": [
                                                                "object",
                                                                {
                                                                  "claims": [
                                                                    "list",
                                                                    [
                                                                      "object",
                                                                      {
                                                                        "name": "string"
                                                                      }
                                                                    ]
                                                                  ],
                                                                  "limits": [
                                                                    "map",
                                                                    "string"
                                                                  ],
                                                                  "requests": [
                                                                    "map",
                                                                    "string"
                                                                  ]
                                                                }
                                                              ],
                                                              "selector": [
                                                                "object",
                                                                {
                                                                  "matchExpressions": [
                                                                    "list",
                                                                    [
                                                                      "object",
                                                                      {
                                                                        "key": "string",
                                                                        "operator": "string",
                                                                        "values": [
                                                                          "list",
                                                                          "string"
                                                                        ]
                                                                      }
                                                                    ]
                                                                  ],
                                                                  "matchLabels": [
                                                                    "map",
                                                                    "string"
                                                                  ]
                                                                }
                                                              ],
                                                              "storageClassName": "string",
                                                              "volumeMode": "string",
                                                              "volumeName": "string"
                                                            }
                                                          ]
                                                        }
                                                      ]
                                                    }
                                                  ],
                                                  "fc": [
                                                    "object",
                                                    {
                                                      "fsType": "string",
                                                      "lun": "number",
                                                      "readOnly": "bool",
                                                      "targetWWNs": [
                                                        "list",
                                                        "string"
                                                      ],
                                                      "wwids": [
                                                        "list",
                                                        "string"
                                                      ]
                                                    }
                                                  ],
                                                  "flexVolume": [
                                                    "object",
                                                    {
                                                      "driver": "string",
                                                      "fsType": "string",
                                                      "options": [
                                                        "map",
                                                        "string"
                                                      ],
                                                      "readOnly": "bool",
                                                      "secretRef": [
                                                        "object",
                                                        {
                                                          "name": "string"
                                                        }
                                                      ]
                                                    }
                                                  ],
                                                  "flocker": [
                                                    "object",
                                                    {
                                                      "datasetName": "string",
                                                      "datasetUUID": "string"
                                                    }
                                                  ],
                                                  "gcePersistentDisk": [
                                                    "object",
                                                    {
                                                      "fsType": "string",
                                                      "partition": "number",
                                                      "pdName": "string",
                                                      "readOnly": "bool"
                                                    }
                                                  ],
                                                  "gitRepo": [
                                                    "object",
                                                    {
                                                      "directory": "string",
                                                      "repository": "string",
                                                      "revision": "string"
                                                    }
                                                  ],
                                                  "glusterfs": [
                                                    "object",
                                                    {
                                                      "endpoints": "string",
                                                      "path": "string",
                                                      "readOnly": "bool"
                                                    }
                                                  ],
                                                  "hostPath": [
                                                    "object",
                                                    {
                                                      "path": "string",
                                                      "type": "string"
                                                    }
                                                  ],
                                                  "iscsi": [
                                                    "object",
                                                    {
                                                      "chapAuthDiscovery": "bool",
                                                      "chapAuthSession": "bool",
                                                      "fsType": "string",
                                                      "initiatorName": "string",
                                                      "iqn": "string",
                                                      "iscsiInterface": "string",
                                                      "lun": "number",
                                                      "portals": [
                                                        "list",
                                                        "string"
                                                      ],
                                                      "readOnly": "bool",
                                                      "secretRef": [
                                                        "object",
                                                        {
                                                          "name": "string"
                                                        }
                                                      ],
                                                      "targetPortal": "string"
                                                    }
                                                  ],
                                                  "name": "string",
                                                  "nfs": [
                                                    "object",
                                                    {
                                                      "path": "string",
                                                      "readOnly": "bool",
                                                      "server": "string"
                                                    }
                                                  ],
                                                  "persistentVolumeClaim": [
                                                    "object",
                                                    {
                                                      "claimName": "string",
                                                      "readOnly": "bool"
                                                    }
                                                  ],
                                                  "photonPersistentDisk": [
                                                    "object",
                                                    {
                                                      "fsType": "string",
                                                      "pdID": "string"
                                                    }
                                                  ],
                                                  "portworxVolume": [
                                                    "object",
                                                    {
                                                      "fsType": "string",
                                                      "readOnly": "bool",
                                                      "volumeID": "string"
                                                    }
                                                  ],
                                                  "projected": [
                                                    "object",
                                                    {
                                                      "defaultMode": "number",
                                                      "sources": [
                                                        "list",
                                                        [
                                                          "object",
                                                          {
                                                            "configMap": [
                                                              "object",
                                                              {
                                                                "items": [
                                                                  "list",
                                                                  [
                                                                    "object",
                                                                    {
                                                                      "key": "string",
                                                                      "mode": "number",
                                                                      "path": "string"
                                                                    }
                                                                  ]
                                                                ],
                                                                "name": "string",
                                                                "optional": "bool"
                                                              }
                                                            ],
                                                            "downwardAPI": [
                                                              "object",
                                                              {
                                                                "items": [
                                                                  "list",
                                                                  [
                                                                    "object",
                                                                    {
                                                                      "fieldRef": [
                                                                        "object",
                                                                        {
                                                                          "apiVersion": "string",
                                                                          "fieldPath": "string"
                                                                        }
                                                                      ],
                                                                      "mode": "number",
                                                                      "path": "string",
                                                                      "resourceFieldRef": [
                                                                        "object",
                                                                        {
                                                                          "containerName": "string",
                                                                          "divisor": "string",
                                                                          "resource": "string"
                                                                        }
                                                                      ]
                                                                    }
                                                                  ]
                                                                ]
                                                              }
                                                            ],
                                                            "secret": [
                                                              "object",
                                                              {
                                                                "items": [
                                                                  "list",
                                                                  [
                                                                    "object",
                                                                    {
                                                                      "key": "string",
                                                                      "mode": "number",
                                                                      "path": "string"
                                                                    }
                                                                  ]
                                                                ],
                                                                "name": "string",
                                                                "optional": "bool"
                                                              }
                                                            ],
                                                            "serviceAccountToken": [
                                                              "object",
                                                              {
                                                                "audience": "string",
                                                                "expirationSeconds": "number",
                                                                "path": "string"
                                                              }
                                                            ]
                                                          }
                                                        ]
                                                      ]
                                                    }
                                                  ],
                                                  "quobyte": [
                                                    "object",
                                                    {
                                                      "group": "string",
                                                      "readOnly": "bool",
                                                      "registry": "string",
                                                      "tenant": "string",
                                                      "user": "string",
                                                      "volume": "string"
                                                    }
                                                  ],
                                                  "rbd": [
                                                    "object",
                                                    {
                                                      "fsType": "string",
                                                      "image": "string",
                                                      "keyring": "string",
                                                      "monitors": [
                                                        "list",
                                                        "string"
                                                      ],
                                                      "pool": "string",
                                                      "readOnly": "bool",
                                                      "secretRef": [
                                                        "object",
                                                        {
                                                          "name": "string"
                                                        }
                                                      ],
                                                      "user": "string"
                                                    }
                                                  ],
                                                  "scaleIO": [
                                                    "object",
                                                    {
                                                      "fsType": "string",
                                                      "gateway": "string",
                                                      "protectionDomain": "string",
                                                      "readOnly": "bool",
                                                      "secretRef": [
                                                        "object",
                                                        {
                                                          "name": "string"
                                                        }
                                                      ],
                                                      "sslEnabled": "bool",
                                                      "storageMode": "string",
                                                      "storagePool": "string",
                                                      "system": "string",
                                                      "volumeName": "string"
                                                    }
                                                  ],
                                                  "secret": [
                                                    "object",
                                                    {
                                                      "defaultMode": "number",
                                                      "items": [
                                                        "list",
                                                        [
                                                          "object",
                                                          {
                                                            "key": "string",
                                                            "mode": "number",
                                                            "path": "string"
                                                          }
                                                        ]
                                                      ],
                                                      "optional": "bool",
                                                      "secretName": "string"
                                                    }
                                                  ],
                                                  "storageos": [
                                                    "object",
                                                    {
                                                      "fsType": "string",
                                                      "readOnly": "bool",
                                                      "secretRef": [
                                                        "object",
                                                        {
                                                          "name": "string"
                                                        }
                                                      ],
                                                      "volumeName": "string",
                                                      "volumeNamespace": "string"
                                                    }
                                                  ],
                                                  "vsphereVolume": [
                                                    "object",
                                                    {
                                                      "fsType": "string",
                                                      "storagePolicyID": "string",
                                                      "storagePolicyName": "string",
                                                      "volumePath": "string"
                                                    }
                                                  ]
                                                }
                                              ]
                                            ]
                                          ]
                                        }
                                      ]
                                    }
                                  ],
                                  "updateStrategy": [
                                    "object",
                                    {
                                      "rollingUpdate": [
                                        "object",
                                        {
                                          "maxUnavailable": "string",
                                          "partition": "number"
                                        }
                                      ],
                                      "type": "string"
                                    }
                                  ],
                                  "volumeClaimTemplates": [
                                    "list",
                                    [
                                      "object",
                                      {
                                        "apiVersion": "string",
                                        "kind": "string",
                                        "metadata": [
                                          "object",
                                          {
                                            "annotations": [
                                              "map",
                                              "string"
                                            ],
                                            "labels": [
                                              "map",
                                              "string"
                                            ],
                                            "name": "string",
                                            "namespace": "string"
                                          }
                                        ],
                                        "spec": [
                                          "object",
                                          {
                                            "accessModes": [
                                              "list",
                                              "string"
                                            ],
                                            "dataSource": [
                                              "object",
                                              {
                                                "apiGroup": "string",
                                                "kind": "string",
                                                "name": "string"
                                              }
                                            ],
                                            "dataSourceRef": [
                                              "object",
                                              {
                                                "apiGroup": "string",
                                                "kind": "string",
                                                "name": "string",
                                                "namespace": "string"
                                              }
                                            ],
                                            "resources": [
                                              "object",
                                              {
                                                "claims": [
                                                  "list",
                                                  [
                                                    "object",
                                                    {
                                                      "name": "string"
                                                    }
                                                  ]
                                                ],
                                                "limits": [
                                                  "map",
                                                  "string"
                                                ],
                                                "requests": [
                                                  "map",
                                                  "string"
                                                ]
                                              }
                                            ],
                                            "selector": [
                                              "object",
                                              {
                                                "matchExpressions": [
                                                  "list",
                                                  [
                                                    "object",
                                                    {
                                                      "key": "string",
                                                      "operator": "string",
                                                      "values": [
                                                        "list",
                                                        "string"
                                                      ]
                                                    }
                                                  ]
                                                ],
                                                "matchLabels": [
                                                  "map",
                                                  "string"
                                                ]
                                              }
                                            ],
                                            "storageClassName": "string",
                                            "volumeMode": "string",
                                            "volumeName": "string"
                                          }
                                        ]
                                      }
                                    ]
                                  ]
                                }
                              ]
                            }
                          ]
                        }
                      ],
                      "persistence": [
                        "object",
                        {
                          "storage": "string",
                          "storageClassName": "string"
                        }
                      ],
                      "rabbitmq": [
                        "object",
                        {
                          "additionalConfig": "string",
                          "additionalPlugins": [
                            "list",
                            "string"
                          ],
                          "advancedConfig": "string",
                          "envConfig": "string"
                        }
                      ],
                      "replicas": "number",
                      "resources": [
                        "object",
                        {
                          "claims": [
                            "list",
                            [
                              "object",
                              {
                                "name": "string"
                              }
                            ]
                          ],
                          "limits": [
                            "map",
                            "string"
                          ],
                          "requests": [
                            "map",
                            "string"
                          ]
                        }
                      ],
                      "secretBackend": [
                        "object",
                        {
                          "externalSecret": [
                            "object",
                            {
                              "name": "string"
                            }
                          ],
                          "vault": [
                            "object",
                            {
                              "annotations": [
                                "map",
                                "string"
                              ],
                              "defaultUserPath": "string",
                              "defaultUserUpdaterImage": "string",
                              "role": "string",
                              "tls": [
                                "object",
                                {
                                  "altNames": "string",
                                  "commonName": "string",
                                  "ipSans": "string",
                                  "pkiIssuerPath": "string"
                                }
                              ]
                            }
                          ]
                        }
                      ],
                      "service": [
                        "object",
                        {
                          "annotations": [
                            "map",
                            "string"
                          ],
                          "type": "string"
                        }
                      ],
                      "skipPostDeploySteps": "bool",
                      "terminationGracePeriodSeconds": "number",
                      "tls": [
                        "object",
                        {
                          "caSecretName": "string",
                          "disableNonTLSListeners": "bool",
                          "secretName": "string"
                        }
                      ],
                      "tolerations": [
                        "list",
                        [
                          "object",
                          {
                            "effect": "string",
                            "key": "string",
                            "operator": "string",
                            "tolerationSeconds": "number",
                            "value": "string"
                          }
                        ]
                      ]
                    }
                  ]
                }
              ]
            },
            "timeouts": [],
            "wait": [],
            "wait_for": null
          },
          "sensitive_attributes": [],
          "dependencies": [
            "helm_release.install_rabbitmq_operator"
          ]
        }
      ]
    },
    {
      "mode": "managed",
      "type": "kubernetes_namespace",
      "name": "rabbitmq_namespace",
      "provider": "provider[\"registry.terraform.io/hashicorp/kubernetes\"]",
      "instances": [
        {
          "schema_version": 0,
          "attributes": {
            "id": "rabbitmq",
            "metadata": [
              {
                "annotations": {
                  "name": "rabbitmq"
                },
                "generate_name": "",
                "generation": 0,
                "labels": {
                  "mylabel": "rabbitmq"
                },
                "name": "rabbitmq",
                "resource_version": "11402",
                "uid": "054c6442-86ba-42d0-a6aa-97640b303b81"
              }
            ],
            "timeouts": null
          },
          "sensitive_attributes": [],
          "private": "eyJlMmJmYjczMC1lY2FhLTExZTYtOGY4OC0zNDM2M2JjN2M0YzAiOnsiZGVsZXRlIjozMDAwMDAwMDAwMDB9fQ=="
        }
      ]
    }
  ],
  "check_results": null
}
