{
  "version": 4,
  "terraform_version": "1.4.5",
  "serial": 3,
  "lineage": "b56ec481-844b-e2f1-2bc1-3e4389b8b34d",
  "outputs": {
    "Kube_context": {
      "value": "cluster-daring-cattle",
      "type": "string"
    },
    "Kubeconfig_Path": {
      "value": "/home/niemand/Desktop/pfa/Clusters/kube-az.yaml",
      "type": "string"
    }
  },
  "resources": [
    {
      "mode": "managed",
      "type": "helm_release",
      "name": "install_rabbitmq_operator",
      "provider": "provider[\"registry.terraform.io/hashicorp/helm\"]",
      "instances": [
        {
          "schema_version": 1,
          "attributes": {
            "atomic": true,
            "chart": "rabbitmq-cluster-operator",
            "cleanup_on_fail": false,
            "create_namespace": false,
            "dependency_update": false,
            "description": null,
            "devel": null,
            "disable_crd_hooks": false,
            "disable_openapi_validation": false,
            "disable_webhooks": false,
            "force_update": false,
            "id": "rabbit-operator",
            "keyring": null,
            "lint": false,
            "manifest": null,
            "max_history": 0,
            "metadata": [
              {
                "app_version": "2.2.0",
                "chart": "rabbitmq-cluster-operator",
                "name": "rabbit-operator",
                "namespace": "rabbitmq",
                "revision": 1,
                "values": "{}",
                "version": "3.4.1"
              }
            ],
            "name": "rabbit-operator",
            "namespace": "rabbitmq",
            "pass_credentials": false,
            "postrender": [],
            "recreate_pods": false,
            "render_subchart_notes": true,
            "replace": false,
            "repository": "https://charts.bitnami.com/bitnami",
            "repository_ca_file": null,
            "repository_cert_file": null,
            "repository_key_file": null,
            "repository_password": null,
            "repository_username": null,
            "reset_values": false,
            "reuse_values": false,
            "set": [],
            "set_sensitive": [],
            "skip_crds": false,
            "status": "deployed",
            "timeout": 300,
            "values": null,
            "verify": false,
            "version": "3.4.1",
            "wait": true,
            "wait_for_jobs": false
          },
          "sensitive_attributes": [],
          "private": "eyJzY2hlbWFfdmVyc2lvbiI6IjEifQ==",
          "dependencies": [
            "kubernetes_namespace.rabbitmq_namespace"
          ]
        }
      ]
    },
    {
      "mode": "managed",
      "type": "kubernetes_namespace",
      "name": "rabbitmq_namespace",
      "provider": "provider[\"registry.terraform.io/hashicorp/kubernetes\"]",
      "instances": [
        {
          "schema_version": 0,
          "attributes": {
            "id": "rabbitmq",
            "metadata": [
              {
                "annotations": {
                  "name": "rabbitmq"
                },
                "generate_name": "",
                "generation": 0,
                "labels": {
                  "mylabel": "rabbitmq"
                },
                "name": "rabbitmq",
                "resource_version": "11402",
                "uid": "054c6442-86ba-42d0-a6aa-97640b303b81"
              }
            ],
            "timeouts": null
          },
          "sensitive_attributes": [],
          "private": "eyJlMmJmYjczMC1lY2FhLTExZTYtOGY4OC0zNDM2M2JjN2M0YzAiOnsiZGVsZXRlIjozMDAwMDAwMDAwMDB9fQ=="
        }
      ]
    }
  ],
  "check_results": null
}
